// !$*UTF8*$!
{
	archiveVersion = 1;
	classes = {
	};
	objectVersion = 48;
	objects = {

/* Begin PBXBuildFile section */
		0D92DB10313016CA345B1940 /* Pods_SwiftOTPTests.framework in Frameworks */ = {isa = PBXBuildFile; fileRef = 293A9F5D178BB03E9136754F /* Pods_SwiftOTPTests.framework */; };
		0E5B388F2008B07900A419CA /* SwiftOTP.framework in Frameworks */ = {isa = PBXBuildFile; fileRef = 0E5B38852008B07900A419CA /* SwiftOTP.framework */; };
		0E5B38962008B07900A419CA /* SwiftOTP.h in Headers */ = {isa = PBXBuildFile; fileRef = 0E5B38882008B07900A419CA /* SwiftOTP.h */; settings = {ATTRIBUTES = (Public, ); }; };
		0E5B38A22008BCB200A419CA /* Generator.swift in Sources */ = {isa = PBXBuildFile; fileRef = 0E5B389F2008BCB200A419CA /* Generator.swift */; };
		0E5B38A32008BCB200A419CA /* OTPAlgorithm.swift in Sources */ = {isa = PBXBuildFile; fileRef = 0E5B38A02008BCB200A419CA /* OTPAlgorithm.swift */; };
		0E5B38A42008BCB200A419CA /* TOTP.swift in Sources */ = {isa = PBXBuildFile; fileRef = 0E5B38A12008BCB200A419CA /* TOTP.swift */; };
		0E5B38A620097BA000A419CA /* GeneratorTests.swift in Sources */ = {isa = PBXBuildFile; fileRef = 0E5B38A520097BA000A419CA /* GeneratorTests.swift */; };
		0E5B38D8200ACDBC00A419CA /* StringExtension.swift in Sources */ = {isa = PBXBuildFile; fileRef = 0E5B38D6200ACDBC00A419CA /* StringExtension.swift */; };
		0E5B38D9200ACDBC00A419CA /* Base32.swift in Sources */ = {isa = PBXBuildFile; fileRef = 0E5B38D7200ACDBC00A419CA /* Base32.swift */; };
		0E5B38DB200B1B4D00A419CA /* HOTP.swift in Sources */ = {isa = PBXBuildFile; fileRef = 0E5B38DA200B1B4D00A419CA /* HOTP.swift */; };
		0E5B38DD200B1D3700A419CA /* HOTPTests.swift in Sources */ = {isa = PBXBuildFile; fileRef = 0E5B38DC200B1D3700A419CA /* HOTPTests.swift */; };
		0E5B38DF200B1D4600A419CA /* TOTPTests.swift in Sources */ = {isa = PBXBuildFile; fileRef = 0E5B38DE200B1D4600A419CA /* TOTPTests.swift */; };
		A931B4DEF12EFBD7A7BFD07D /* Pods_SwiftOTP.framework in Frameworks */ = {isa = PBXBuildFile; fileRef = 4E241A5B4DC9541A5B4F639F /* Pods_SwiftOTP.framework */; };
/* End PBXBuildFile section */

/* Begin PBXContainerItemProxy section */
		0E5B38902008B07900A419CA /* PBXContainerItemProxy */ = {
			isa = PBXContainerItemProxy;
			containerPortal = 0E5B387C2008B07900A419CA /* Project object */;
			proxyType = 1;
			remoteGlobalIDString = 0E5B38842008B07900A419CA;
			remoteInfo = SwiftOTP;
		};
/* End PBXContainerItemProxy section */

/* Begin PBXFileReference section */
		0E5B38852008B07900A419CA /* SwiftOTP.framework */ = {isa = PBXFileReference; explicitFileType = wrapper.framework; includeInIndex = 0; path = SwiftOTP.framework; sourceTree = BUILT_PRODUCTS_DIR; };
		0E5B38882008B07900A419CA /* SwiftOTP.h */ = {isa = PBXFileReference; lastKnownFileType = sourcecode.c.h; path = SwiftOTP.h; sourceTree = "<group>"; };
		0E5B38892008B07900A419CA /* Info.plist */ = {isa = PBXFileReference; lastKnownFileType = text.plist.xml; path = Info.plist; sourceTree = "<group>"; };
		0E5B388E2008B07900A419CA /* SwiftOTPTests.xctest */ = {isa = PBXFileReference; explicitFileType = wrapper.cfbundle; includeInIndex = 0; path = SwiftOTPTests.xctest; sourceTree = BUILT_PRODUCTS_DIR; };
		0E5B38952008B07900A419CA /* Info.plist */ = {isa = PBXFileReference; lastKnownFileType = text.plist.xml; path = Info.plist; sourceTree = "<group>"; };
		0E5B389F2008BCB200A419CA /* Generator.swift */ = {isa = PBXFileReference; fileEncoding = 4; lastKnownFileType = sourcecode.swift; path = Generator.swift; sourceTree = "<group>"; };
		0E5B38A02008BCB200A419CA /* OTPAlgorithm.swift */ = {isa = PBXFileReference; fileEncoding = 4; lastKnownFileType = sourcecode.swift; path = OTPAlgorithm.swift; sourceTree = "<group>"; };
		0E5B38A12008BCB200A419CA /* TOTP.swift */ = {isa = PBXFileReference; fileEncoding = 4; lastKnownFileType = sourcecode.swift; path = TOTP.swift; sourceTree = "<group>"; };
		0E5B38A520097BA000A419CA /* GeneratorTests.swift */ = {isa = PBXFileReference; lastKnownFileType = sourcecode.swift; path = GeneratorTests.swift; sourceTree = "<group>"; };
		0E5B38D6200ACDBC00A419CA /* StringExtension.swift */ = {isa = PBXFileReference; fileEncoding = 4; lastKnownFileType = sourcecode.swift; path = StringExtension.swift; sourceTree = "<group>"; };
		0E5B38D7200ACDBC00A419CA /* Base32.swift */ = {isa = PBXFileReference; fileEncoding = 4; lastKnownFileType = sourcecode.swift; path = Base32.swift; sourceTree = "<group>"; };
		0E5B38DA200B1B4D00A419CA /* HOTP.swift */ = {isa = PBXFileReference; lastKnownFileType = sourcecode.swift; path = HOTP.swift; sourceTree = "<group>"; };
		0E5B38DC200B1D3700A419CA /* HOTPTests.swift */ = {isa = PBXFileReference; lastKnownFileType = sourcecode.swift; path = HOTPTests.swift; sourceTree = "<group>"; };
		0E5B38DE200B1D4600A419CA /* TOTPTests.swift */ = {isa = PBXFileReference; lastKnownFileType = sourcecode.swift; path = TOTPTests.swift; sourceTree = "<group>"; };
		1F4BAF68BFD4A274DB50BF2D /* Pods-SwiftOTP.release.xcconfig */ = {isa = PBXFileReference; includeInIndex = 1; lastKnownFileType = text.xcconfig; name = "Pods-SwiftOTP.release.xcconfig"; path = "Pods/Target Support Files/Pods-SwiftOTP/Pods-SwiftOTP.release.xcconfig"; sourceTree = "<group>"; };
		293A9F5D178BB03E9136754F /* Pods_SwiftOTPTests.framework */ = {isa = PBXFileReference; explicitFileType = wrapper.framework; includeInIndex = 0; path = Pods_SwiftOTPTests.framework; sourceTree = BUILT_PRODUCTS_DIR; };
		4E241A5B4DC9541A5B4F639F /* Pods_SwiftOTP.framework */ = {isa = PBXFileReference; explicitFileType = wrapper.framework; includeInIndex = 0; path = Pods_SwiftOTP.framework; sourceTree = BUILT_PRODUCTS_DIR; };
		5F7B4E9A5EC9125FC06CA9EF /* Pods-SwiftOTPTests.release.xcconfig */ = {isa = PBXFileReference; includeInIndex = 1; lastKnownFileType = text.xcconfig; name = "Pods-SwiftOTPTests.release.xcconfig"; path = "Pods/Target Support Files/Pods-SwiftOTPTests/Pods-SwiftOTPTests.release.xcconfig"; sourceTree = "<group>"; };
		9CA72805763F06BF93431E28 /* Pods-SwiftOTP.debug.xcconfig */ = {isa = PBXFileReference; includeInIndex = 1; lastKnownFileType = text.xcconfig; name = "Pods-SwiftOTP.debug.xcconfig"; path = "Pods/Target Support Files/Pods-SwiftOTP/Pods-SwiftOTP.debug.xcconfig"; sourceTree = "<group>"; };
		D188C52CE9E459566B7A53C4 /* Pods-SwiftOTPTests.debug.xcconfig */ = {isa = PBXFileReference; includeInIndex = 1; lastKnownFileType = text.xcconfig; name = "Pods-SwiftOTPTests.debug.xcconfig"; path = "Pods/Target Support Files/Pods-SwiftOTPTests/Pods-SwiftOTPTests.debug.xcconfig"; sourceTree = "<group>"; };
/* End PBXFileReference section */

/* Begin PBXFrameworksBuildPhase section */
		0E5B38812008B07900A419CA /* Frameworks */ = {
			isa = PBXFrameworksBuildPhase;
			buildActionMask = 2147483647;
			files = (
				A931B4DEF12EFBD7A7BFD07D /* Pods_SwiftOTP.framework in Frameworks */,
			);
			runOnlyForDeploymentPostprocessing = 0;
		};
		0E5B388B2008B07900A419CA /* Frameworks */ = {
			isa = PBXFrameworksBuildPhase;
			buildActionMask = 2147483647;
			files = (
				0E5B388F2008B07900A419CA /* SwiftOTP.framework in Frameworks */,
				0D92DB10313016CA345B1940 /* Pods_SwiftOTPTests.framework in Frameworks */,
			);
			runOnlyForDeploymentPostprocessing = 0;
		};
/* End PBXFrameworksBuildPhase section */

/* Begin PBXGroup section */
		0E5B387B2008B07900A419CA = {
			isa = PBXGroup;
			children = (
				0E5B38872008B07900A419CA /* SwiftOTP */,
				0E5B38922008B07900A419CA /* SwiftOTPTests */,
				BE8FE4BAD7D4C80A28898C3C /* Pods */,
				CC168C46C1BC9FBC3DE2B268 /* Frameworks */,
			);
			sourceTree = "<group>";
		};
		0E5B38862008B07900A419CA /* Products */ = {
			isa = PBXGroup;
			children = (
				0E5B38852008B07900A419CA /* SwiftOTP.framework */,
				0E5B388E2008B07900A419CA /* SwiftOTPTests.xctest */,
			);
			name = Products;
			path = ..;
			sourceTree = "<group>";
		};
		0E5B38872008B07900A419CA /* SwiftOTP */ = {
			isa = PBXGroup;
			children = (
				0E5B38D5200ACD2000A419CA /* Base32 */,
				0E5B38A02008BCB200A419CA /* OTPAlgorithm.swift */,
				0E5B38DA200B1B4D00A419CA /* HOTP.swift */,
				0E5B38A12008BCB200A419CA /* TOTP.swift */,
				0E5B389F2008BCB200A419CA /* Generator.swift */,
				0E5B38882008B07900A419CA /* SwiftOTP.h */,
				0E5B38892008B07900A419CA /* Info.plist */,
			);
			path = SwiftOTP;
			sourceTree = "<group>";
		};
		0E5B38922008B07900A419CA /* SwiftOTPTests */ = {
			isa = PBXGroup;
			children = (
				0E5B38A520097BA000A419CA /* GeneratorTests.swift */,
				0E5B38DC200B1D3700A419CA /* HOTPTests.swift */,
				0E5B38DE200B1D4600A419CA /* TOTPTests.swift */,
				0E5B38952008B07900A419CA /* Info.plist */,
				0E5B38862008B07900A419CA /* Products */,
			);
			path = SwiftOTPTests;
			sourceTree = "<group>";
		};
		0E5B38D5200ACD2000A419CA /* Base32 */ = {
			isa = PBXGroup;
			children = (
				0E5B38D7200ACDBC00A419CA /* Base32.swift */,
				0E5B38D6200ACDBC00A419CA /* StringExtension.swift */,
			);
			path = Base32;
			sourceTree = "<group>";
		};
		BE8FE4BAD7D4C80A28898C3C /* Pods */ = {
			isa = PBXGroup;
			children = (
				9CA72805763F06BF93431E28 /* Pods-SwiftOTP.debug.xcconfig */,
				1F4BAF68BFD4A274DB50BF2D /* Pods-SwiftOTP.release.xcconfig */,
				D188C52CE9E459566B7A53C4 /* Pods-SwiftOTPTests.debug.xcconfig */,
				5F7B4E9A5EC9125FC06CA9EF /* Pods-SwiftOTPTests.release.xcconfig */,
			);
			name = Pods;
			sourceTree = "<group>";
		};
		CC168C46C1BC9FBC3DE2B268 /* Frameworks */ = {
			isa = PBXGroup;
			children = (
				4E241A5B4DC9541A5B4F639F /* Pods_SwiftOTP.framework */,
				293A9F5D178BB03E9136754F /* Pods_SwiftOTPTests.framework */,
			);
			name = Frameworks;
			sourceTree = "<group>";
		};
/* End PBXGroup section */

/* Begin PBXHeadersBuildPhase section */
		0E5B38822008B07900A419CA /* Headers */ = {
			isa = PBXHeadersBuildPhase;
			buildActionMask = 2147483647;
			files = (
				0E5B38962008B07900A419CA /* SwiftOTP.h in Headers */,
			);
			runOnlyForDeploymentPostprocessing = 0;
		};
/* End PBXHeadersBuildPhase section */

/* Begin PBXNativeTarget section */
		0E5B38842008B07900A419CA /* SwiftOTP */ = {
			isa = PBXNativeTarget;
			buildConfigurationList = 0E5B38992008B07900A419CA /* Build configuration list for PBXNativeTarget "SwiftOTP" */;
			buildPhases = (
				0A07EC2C938BF85422B96BC2 /* [CP] Check Pods Manifest.lock */,
				0E5B38802008B07900A419CA /* Sources */,
				0E5B38812008B07900A419CA /* Frameworks */,
				0E5B38822008B07900A419CA /* Headers */,
				0E5B38832008B07900A419CA /* Resources */,
			);
			buildRules = (
			);
			dependencies = (
			);
			name = SwiftOTP;
			productName = SwiftOTP;
			productReference = 0E5B38852008B07900A419CA /* SwiftOTP.framework */;
			productType = "com.apple.product-type.framework";
		};
		0E5B388D2008B07900A419CA /* SwiftOTPTests */ = {
			isa = PBXNativeTarget;
			buildConfigurationList = 0E5B389C2008B07900A419CA /* Build configuration list for PBXNativeTarget "SwiftOTPTests" */;
			buildPhases = (
				E11B1EA3DD44B7BB9B3C11EB /* [CP] Check Pods Manifest.lock */,
				0E5B388A2008B07900A419CA /* Sources */,
				0E5B388B2008B07900A419CA /* Frameworks */,
				0E5B388C2008B07900A419CA /* Resources */,
				D5A67B549A2A675D5D331C9E /* [CP] Embed Pods Frameworks */,
			);
			buildRules = (
			);
			dependencies = (
				0E5B38912008B07900A419CA /* PBXTargetDependency */,
			);
			name = SwiftOTPTests;
			productName = SwiftOTPTests;
			productReference = 0E5B388E2008B07900A419CA /* SwiftOTPTests.xctest */;
			productType = "com.apple.product-type.bundle.unit-test";
		};
/* End PBXNativeTarget section */

/* Begin PBXProject section */
		0E5B387C2008B07900A419CA /* Project object */ = {
			isa = PBXProject;
			attributes = {
				LastSwiftUpdateCheck = 0920;
				LastUpgradeCheck = 0920;
				ORGANIZATIONNAME = "Lachlan Bell";
				TargetAttributes = {
					0E5B38842008B07900A419CA = {
						CreatedOnToolsVersion = 9.2;
						LastSwiftMigration = 0920;
						ProvisioningStyle = Automatic;
					};
					0E5B388D2008B07900A419CA = {
						CreatedOnToolsVersion = 9.2;
						ProvisioningStyle = Automatic;
					};
				};
			};
			buildConfigurationList = 0E5B387F2008B07900A419CA /* Build configuration list for PBXProject "SwiftOTP" */;
			compatibilityVersion = "Xcode 8.0";
			developmentRegion = en;
			hasScannedForEncodings = 0;
			knownRegions = (
				en,
			);
			mainGroup = 0E5B387B2008B07900A419CA;
			productRefGroup = 0E5B38862008B07900A419CA /* Products */;
			projectDirPath = "";
			projectRoot = "";
			targets = (
				0E5B38842008B07900A419CA /* SwiftOTP */,
				0E5B388D2008B07900A419CA /* SwiftOTPTests */,
			);
		};
/* End PBXProject section */

/* Begin PBXResourcesBuildPhase section */
		0E5B38832008B07900A419CA /* Resources */ = {
			isa = PBXResourcesBuildPhase;
			buildActionMask = 2147483647;
			files = (
			);
			runOnlyForDeploymentPostprocessing = 0;
		};
		0E5B388C2008B07900A419CA /* Resources */ = {
			isa = PBXResourcesBuildPhase;
			buildActionMask = 2147483647;
			files = (
			);
			runOnlyForDeploymentPostprocessing = 0;
		};
/* End PBXResourcesBuildPhase section */

/* Begin PBXShellScriptBuildPhase section */
		0A07EC2C938BF85422B96BC2 /* [CP] Check Pods Manifest.lock */ = {
			isa = PBXShellScriptBuildPhase;
			buildActionMask = 2147483647;
			files = (
			);
			inputPaths = (
				"${PODS_PODFILE_DIR_PATH}/Podfile.lock",
				"${PODS_ROOT}/Manifest.lock",
			);
			name = "[CP] Check Pods Manifest.lock";
			outputPaths = (
				"$(DERIVED_FILE_DIR)/Pods-SwiftOTP-checkManifestLockResult.txt",
			);
			runOnlyForDeploymentPostprocessing = 0;
			shellPath = /bin/sh;
			shellScript = "diff \"${PODS_PODFILE_DIR_PATH}/Podfile.lock\" \"${PODS_ROOT}/Manifest.lock\" > /dev/null\nif [ $? != 0 ] ; then\n    # print error to STDERR\n    echo \"error: The sandbox is not in sync with the Podfile.lock. Run 'pod install' or update your CocoaPods installation.\" >&2\n    exit 1\nfi\n# This output is used by Xcode 'outputs' to avoid re-running this script phase.\necho \"SUCCESS\" > \"${SCRIPT_OUTPUT_FILE_0}\"\n";
			showEnvVarsInLog = 0;
		};
		D5A67B549A2A675D5D331C9E /* [CP] Embed Pods Frameworks */ = {
			isa = PBXShellScriptBuildPhase;
			buildActionMask = 2147483647;
			files = (
			);
			inputPaths = (
				"${SRCROOT}/Pods/Target Support Files/Pods-SwiftOTPTests/Pods-SwiftOTPTests-frameworks.sh",
				"${BUILT_PRODUCTS_DIR}/CryptoSwift/CryptoSwift.framework",
			);
			name = "[CP] Embed Pods Frameworks";
			outputPaths = (
				"${TARGET_BUILD_DIR}/${FRAMEWORKS_FOLDER_PATH}/CryptoSwift.framework",
			);
			runOnlyForDeploymentPostprocessing = 0;
			shellPath = /bin/sh;
			shellScript = "\"${SRCROOT}/Pods/Target Support Files/Pods-SwiftOTPTests/Pods-SwiftOTPTests-frameworks.sh\"\n";
			showEnvVarsInLog = 0;
		};
		E11B1EA3DD44B7BB9B3C11EB /* [CP] Check Pods Manifest.lock */ = {
			isa = PBXShellScriptBuildPhase;
			buildActionMask = 2147483647;
			files = (
			);
			inputPaths = (
				"${PODS_PODFILE_DIR_PATH}/Podfile.lock",
				"${PODS_ROOT}/Manifest.lock",
			);
			name = "[CP] Check Pods Manifest.lock";
			outputPaths = (
				"$(DERIVED_FILE_DIR)/Pods-SwiftOTPTests-checkManifestLockResult.txt",
			);
			runOnlyForDeploymentPostprocessing = 0;
			shellPath = /bin/sh;
			shellScript = "diff \"${PODS_PODFILE_DIR_PATH}/Podfile.lock\" \"${PODS_ROOT}/Manifest.lock\" > /dev/null\nif [ $? != 0 ] ; then\n    # print error to STDERR\n    echo \"error: The sandbox is not in sync with the Podfile.lock. Run 'pod install' or update your CocoaPods installation.\" >&2\n    exit 1\nfi\n# This output is used by Xcode 'outputs' to avoid re-running this script phase.\necho \"SUCCESS\" > \"${SCRIPT_OUTPUT_FILE_0}\"\n";
			showEnvVarsInLog = 0;
		};
/* End PBXShellScriptBuildPhase section */

/* Begin PBXSourcesBuildPhase section */
		0E5B38802008B07900A419CA /* Sources */ = {
			isa = PBXSourcesBuildPhase;
			buildActionMask = 2147483647;
			files = (
				0E5B38D8200ACDBC00A419CA /* StringExtension.swift in Sources */,
				0E5B38A22008BCB200A419CA /* Generator.swift in Sources */,
				0E5B38A42008BCB200A419CA /* TOTP.swift in Sources */,
				0E5B38D9200ACDBC00A419CA /* Base32.swift in Sources */,
				0E5B38DB200B1B4D00A419CA /* HOTP.swift in Sources */,
				0E5B38A32008BCB200A419CA /* OTPAlgorithm.swift in Sources */,
			);
			runOnlyForDeploymentPostprocessing = 0;
		};
		0E5B388A2008B07900A419CA /* Sources */ = {
			isa = PBXSourcesBuildPhase;
			buildActionMask = 2147483647;
			files = (
				0E5B38DD200B1D3700A419CA /* HOTPTests.swift in Sources */,
				0E5B38DF200B1D4600A419CA /* TOTPTests.swift in Sources */,
				0E5B38A620097BA000A419CA /* GeneratorTests.swift in Sources */,
			);
			runOnlyForDeploymentPostprocessing = 0;
		};
/* End PBXSourcesBuildPhase section */

/* Begin PBXTargetDependency section */
		0E5B38912008B07900A419CA /* PBXTargetDependency */ = {
			isa = PBXTargetDependency;
			target = 0E5B38842008B07900A419CA /* SwiftOTP */;
			targetProxy = 0E5B38902008B07900A419CA /* PBXContainerItemProxy */;
		};
/* End PBXTargetDependency section */

/* Begin XCBuildConfiguration section */
		0E5B38972008B07900A419CA /* Debug */ = {
			isa = XCBuildConfiguration;
			buildSettings = {
				ALWAYS_SEARCH_USER_PATHS = NO;
				CLANG_ANALYZER_NONNULL = YES;
				CLANG_ANALYZER_NUMBER_OBJECT_CONVERSION = YES_AGGRESSIVE;
				CLANG_CXX_LANGUAGE_STANDARD = "gnu++14";
				CLANG_CXX_LIBRARY = "libc++";
				CLANG_ENABLE_MODULES = YES;
				CLANG_ENABLE_OBJC_ARC = YES;
				CLANG_WARN_BLOCK_CAPTURE_AUTORELEASING = YES;
				CLANG_WARN_BOOL_CONVERSION = YES;
				CLANG_WARN_COMMA = YES;
				CLANG_WARN_CONSTANT_CONVERSION = YES;
				CLANG_WARN_DIRECT_OBJC_ISA_USAGE = YES_ERROR;
				CLANG_WARN_DOCUMENTATION_COMMENTS = YES;
				CLANG_WARN_EMPTY_BODY = YES;
				CLANG_WARN_ENUM_CONVERSION = YES;
				CLANG_WARN_INFINITE_RECURSION = YES;
				CLANG_WARN_INT_CONVERSION = YES;
				CLANG_WARN_NON_LITERAL_NULL_CONVERSION = YES;
				CLANG_WARN_OBJC_LITERAL_CONVERSION = YES;
				CLANG_WARN_OBJC_ROOT_CLASS = YES_ERROR;
				CLANG_WARN_RANGE_LOOP_ANALYSIS = YES;
				CLANG_WARN_STRICT_PROTOTYPES = YES;
				CLANG_WARN_SUSPICIOUS_MOVE = YES;
				CLANG_WARN_UNGUARDED_AVAILABILITY = YES_AGGRESSIVE;
				CLANG_WARN_UNREACHABLE_CODE = YES;
				CLANG_WARN__DUPLICATE_METHOD_MATCH = YES;
				CODE_SIGN_IDENTITY = "iPhone Developer";
				COPY_PHASE_STRIP = NO;
				CURRENT_PROJECT_VERSION = 1;
				DEBUG_INFORMATION_FORMAT = dwarf;
				ENABLE_STRICT_OBJC_MSGSEND = YES;
				ENABLE_TESTABILITY = YES;
				GCC_C_LANGUAGE_STANDARD = gnu11;
				GCC_DYNAMIC_NO_PIC = NO;
				GCC_NO_COMMON_BLOCKS = YES;
				GCC_OPTIMIZATION_LEVEL = 0;
				GCC_PREPROCESSOR_DEFINITIONS = (
					"DEBUG=1",
					"$(inherited)",
				);
				GCC_WARN_64_TO_32_BIT_CONVERSION = YES;
				GCC_WARN_ABOUT_RETURN_TYPE = YES_ERROR;
				GCC_WARN_UNDECLARED_SELECTOR = YES;
				GCC_WARN_UNINITIALIZED_AUTOS = YES_AGGRESSIVE;
				GCC_WARN_UNUSED_FUNCTION = YES;
				GCC_WARN_UNUSED_VARIABLE = YES;
				IPHONEOS_DEPLOYMENT_TARGET = 11.2;
				MTL_ENABLE_DEBUG_INFO = YES;
				ONLY_ACTIVE_ARCH = YES;
				SDKROOT = iphoneos;
				SWIFT_ACTIVE_COMPILATION_CONDITIONS = DEBUG;
				SWIFT_OPTIMIZATION_LEVEL = "-Onone";
				VERSIONING_SYSTEM = "apple-generic";
				VERSION_INFO_PREFIX = "";
			};
			name = Debug;
		};
		0E5B38982008B07900A419CA /* Release */ = {
			isa = XCBuildConfiguration;
			buildSettings = {
				ALWAYS_SEARCH_USER_PATHS = NO;
				CLANG_ANALYZER_NONNULL = YES;
				CLANG_ANALYZER_NUMBER_OBJECT_CONVERSION = YES_AGGRESSIVE;
				CLANG_CXX_LANGUAGE_STANDARD = "gnu++14";
				CLANG_CXX_LIBRARY = "libc++";
				CLANG_ENABLE_MODULES = YES;
				CLANG_ENABLE_OBJC_ARC = YES;
				CLANG_WARN_BLOCK_CAPTURE_AUTORELEASING = YES;
				CLANG_WARN_BOOL_CONVERSION = YES;
				CLANG_WARN_COMMA = YES;
				CLANG_WARN_CONSTANT_CONVERSION = YES;
				CLANG_WARN_DIRECT_OBJC_ISA_USAGE = YES_ERROR;
				CLANG_WARN_DOCUMENTATION_COMMENTS = YES;
				CLANG_WARN_EMPTY_BODY = YES;
				CLANG_WARN_ENUM_CONVERSION = YES;
				CLANG_WARN_INFINITE_RECURSION = YES;
				CLANG_WARN_INT_CONVERSION = YES;
				CLANG_WARN_NON_LITERAL_NULL_CONVERSION = YES;
				CLANG_WARN_OBJC_LITERAL_CONVERSION = YES;
				CLANG_WARN_OBJC_ROOT_CLASS = YES_ERROR;
				CLANG_WARN_RANGE_LOOP_ANALYSIS = YES;
				CLANG_WARN_STRICT_PROTOTYPES = YES;
				CLANG_WARN_SUSPICIOUS_MOVE = YES;
				CLANG_WARN_UNGUARDED_AVAILABILITY = YES_AGGRESSIVE;
				CLANG_WARN_UNREACHABLE_CODE = YES;
				CLANG_WARN__DUPLICATE_METHOD_MATCH = YES;
				CODE_SIGN_IDENTITY = "iPhone Developer";
				COPY_PHASE_STRIP = NO;
				CURRENT_PROJECT_VERSION = 1;
				DEBUG_INFORMATION_FORMAT = "dwarf-with-dsym";
				ENABLE_NS_ASSERTIONS = NO;
				ENABLE_STRICT_OBJC_MSGSEND = YES;
				GCC_C_LANGUAGE_STANDARD = gnu11;
				GCC_NO_COMMON_BLOCKS = YES;
				GCC_WARN_64_TO_32_BIT_CONVERSION = YES;
				GCC_WARN_ABOUT_RETURN_TYPE = YES_ERROR;
				GCC_WARN_UNDECLARED_SELECTOR = YES;
				GCC_WARN_UNINITIALIZED_AUTOS = YES_AGGRESSIVE;
				GCC_WARN_UNUSED_FUNCTION = YES;
				GCC_WARN_UNUSED_VARIABLE = YES;
				IPHONEOS_DEPLOYMENT_TARGET = 11.2;
				MTL_ENABLE_DEBUG_INFO = NO;
				SDKROOT = iphoneos;
				SWIFT_OPTIMIZATION_LEVEL = "-Owholemodule";
				VALIDATE_PRODUCT = YES;
				VERSIONING_SYSTEM = "apple-generic";
				VERSION_INFO_PREFIX = "";
			};
			name = Release;
		};
		0E5B389A2008B07900A419CA /* Debug */ = {
			isa = XCBuildConfiguration;
			baseConfigurationReference = 9CA72805763F06BF93431E28 /* Pods-SwiftOTP.debug.xcconfig */;
			buildSettings = {
				CLANG_ENABLE_MODULES = YES;
				CODE_SIGN_IDENTITY = "";
				"CODE_SIGN_IDENTITY[sdk=iphoneos*]" = "iPhone Developer";
				CODE_SIGN_STYLE = Automatic;
				DEFINES_MODULE = YES;
				DEVELOPMENT_TEAM = "";
				DYLIB_COMPATIBILITY_VERSION = 1;
				DYLIB_CURRENT_VERSION = 1;
				DYLIB_INSTALL_NAME_BASE = "@rpath";
				INFOPLIST_FILE = SwiftOTP/Info.plist;
				INSTALL_PATH = "$(LOCAL_LIBRARY_DIR)/Frameworks";
				IPHONEOS_DEPLOYMENT_TARGET = 9.0;
				LD_RUNPATH_SEARCH_PATHS = "$(inherited) @executable_path/Frameworks @loader_path/Frameworks";
				PRODUCT_BUNDLE_IDENTIFIER = com.lbell.SwiftOTP;
				PRODUCT_NAME = "$(TARGET_NAME:c99extidentifier)";
				SKIP_INSTALL = YES;
				SWIFT_OPTIMIZATION_LEVEL = "-Onone";
				SWIFT_VERSION = 4.0;
				TARGETED_DEVICE_FAMILY = "1,2";
			};
			name = Debug;
		};
		0E5B389B2008B07900A419CA /* Release */ = {
			isa = XCBuildConfiguration;
			baseConfigurationReference = 1F4BAF68BFD4A274DB50BF2D /* Pods-SwiftOTP.release.xcconfig */;
			buildSettings = {
				CLANG_ENABLE_MODULES = YES;
				CODE_SIGN_IDENTITY = "";
				CODE_SIGN_STYLE = Automatic;
				DEFINES_MODULE = YES;
				DEVELOPMENT_TEAM = "";
				DYLIB_COMPATIBILITY_VERSION = 1;
				DYLIB_CURRENT_VERSION = 1;
				DYLIB_INSTALL_NAME_BASE = "@rpath";
				INFOPLIST_FILE = SwiftOTP/Info.plist;
				INSTALL_PATH = "$(LOCAL_LIBRARY_DIR)/Frameworks";
				IPHONEOS_DEPLOYMENT_TARGET = 9.0;
				LD_RUNPATH_SEARCH_PATHS = "$(inherited) @executable_path/Frameworks @loader_path/Frameworks";
				PRODUCT_BUNDLE_IDENTIFIER = com.lbell.SwiftOTP;
				PRODUCT_NAME = "$(TARGET_NAME:c99extidentifier)";
				SKIP_INSTALL = YES;
				SWIFT_VERSION = 4.0;
				TARGETED_DEVICE_FAMILY = "1,2";
			};
			name = Release;
		};
		0E5B389D2008B07900A419CA /* Debug */ = {
			isa = XCBuildConfiguration;
			baseConfigurationReference = D188C52CE9E459566B7A53C4 /* Pods-SwiftOTPTests.debug.xcconfig */;
			buildSettings = {
				ALWAYS_EMBED_SWIFT_STANDARD_LIBRARIES = YES;
				CODE_SIGN_STYLE = Automatic;
				DEVELOPMENT_TEAM = D8RNQLFMPC;
				INFOPLIST_FILE = SwiftOTPTests/Info.plist;
				LD_RUNPATH_SEARCH_PATHS = "$(inherited) @executable_path/Frameworks @loader_path/Frameworks";
				PRODUCT_BUNDLE_IDENTIFIER = com.lbell.SwiftOTPTests;
				PRODUCT_NAME = "$(TARGET_NAME)";
				SWIFT_VERSION = 4.0;
				TARGETED_DEVICE_FAMILY = "1,2";
			};
			name = Debug;
		};
		0E5B389E2008B07900A419CA /* Release */ = {
			isa = XCBuildConfiguration;
			baseConfigurationReference = 5F7B4E9A5EC9125FC06CA9EF /* Pods-SwiftOTPTests.release.xcconfig */;
			buildSettings = {
				ALWAYS_EMBED_SWIFT_STANDARD_LIBRARIES = YES;
				CODE_SIGN_STYLE = Automatic;
				DEVELOPMENT_TEAM = D8RNQLFMPC;
				INFOPLIST_FILE = SwiftOTPTests/Info.plist;
				LD_RUNPATH_SEARCH_PATHS = "$(inherited) @executable_path/Frameworks @loader_path/Frameworks";
				PRODUCT_BUNDLE_IDENTIFIER = com.lbell.SwiftOTPTests;
				PRODUCT_NAME = "$(TARGET_NAME)";
				SWIFT_VERSION = 4.0;
				TARGETED_DEVICE_FAMILY = "1,2";
			};
			name = Release;
		};
/* End XCBuildConfiguration section */

/* Begin XCConfigurationList section */
		0E5B387F2008B07900A419CA /* Build configuration list for PBXProject "SwiftOTP" */ = {
			isa = XCConfigurationList;
			buildConfigurations = (
				0E5B38972008B07900A419CA /* Debug */,
				0E5B38982008B07900A419CA /* Release */,
			);
			defaultConfigurationIsVisible = 0;
			defaultConfigurationName = Release;
		};
		0E5B38992008B07900A419CA /* Build configuration list for PBXNativeTarget "SwiftOTP" */ = {
			isa = XCConfigurationList;
			buildConfigurations = (
				0E5B389A2008B07900A419CA /* Debug */,
				0E5B389B2008B07900A419CA /* Release */,
			);
			defaultConfigurationIsVisible = 0;
			defaultConfigurationName = Release;
		};
		0E5B389C2008B07900A419CA /* Build configuration list for PBXNativeTarget "SwiftOTPTests" */ = {
			isa = XCConfigurationList;
			buildConfigurations = (
				0E5B389D2008B07900A419CA /* Debug */,
				0E5B389E2008B07900A419CA /* Release */,
			);
			defaultConfigurationIsVisible = 0;
			defaultConfigurationName = Release;
		};
/* End XCConfigurationList section */
	};
	rootObject = 0E5B387C2008B07900A419CA /* Project object */;
}
