// !$*UTF8*$!
{
	archiveVersion = 1;
	classes = {
	};
	objectVersion = 48;
	objects = {

/* Begin PBXBuildFile section */
		0E303A7721A3A742002FB8E0 /* UInt64+Data.swift in Sources */ = {isa = PBXBuildFile; fileRef = 0E303A7621A3A742002FB8E0 /* UInt64+Data.swift */; };
		0E453812215774B600B417E4 /* SwiftOTP_Mac.h in Headers */ = {isa = PBXBuildFile; fileRef = 0E453810215774B600B417E4 /* SwiftOTP_Mac.h */; settings = {ATTRIBUTES = (Public, ); }; };
		0E4538192157766000B417E4 /* OTPAlgorithm.swift in Sources */ = {isa = PBXBuildFile; fileRef = 0E5B38A02008BCB200A419CA /* OTPAlgorithm.swift */; };
		0E45381A2157766000B417E4 /* HOTP.swift in Sources */ = {isa = PBXBuildFile; fileRef = 0E5B38DA200B1B4D00A419CA /* HOTP.swift */; };
		0E45381B2157766000B417E4 /* TOTP.swift in Sources */ = {isa = PBXBuildFile; fileRef = 0E5B38A12008BCB200A419CA /* TOTP.swift */; };
		0E45381C2157766000B417E4 /* Generator.swift in Sources */ = {isa = PBXBuildFile; fileRef = 0E5B389F2008BCB200A419CA /* Generator.swift */; };
		0E45381D2157766500B417E4 /* Base32.swift in Sources */ = {isa = PBXBuildFile; fileRef = 0E5B38D7200ACDBC00A419CA /* Base32.swift */; };
		0E45381E2157766500B417E4 /* StringExtension.swift in Sources */ = {isa = PBXBuildFile; fileRef = 0E5B38D6200ACDBC00A419CA /* StringExtension.swift */; };
		0E4538282157767B00B417E4 /* SwiftOTP_Watch.h in Headers */ = {isa = PBXBuildFile; fileRef = 0E4538262157767B00B417E4 /* SwiftOTP_Watch.h */; settings = {ATTRIBUTES = (Public, ); }; };
		0E4538352157770F00B417E4 /* SwiftOTP_TV.h in Headers */ = {isa = PBXBuildFile; fileRef = 0E4538332157770F00B417E4 /* SwiftOTP_TV.h */; settings = {ATTRIBUTES = (Public, ); }; };
		0E4538392157773800B417E4 /* Base32.swift in Sources */ = {isa = PBXBuildFile; fileRef = 0E5B38D7200ACDBC00A419CA /* Base32.swift */; };
		0E45383A2157773800B417E4 /* StringExtension.swift in Sources */ = {isa = PBXBuildFile; fileRef = 0E5B38D6200ACDBC00A419CA /* StringExtension.swift */; };
		0E45383B2157773800B417E4 /* OTPAlgorithm.swift in Sources */ = {isa = PBXBuildFile; fileRef = 0E5B38A02008BCB200A419CA /* OTPAlgorithm.swift */; };
		0E45383C2157773800B417E4 /* HOTP.swift in Sources */ = {isa = PBXBuildFile; fileRef = 0E5B38DA200B1B4D00A419CA /* HOTP.swift */; };
		0E45383D2157773800B417E4 /* TOTP.swift in Sources */ = {isa = PBXBuildFile; fileRef = 0E5B38A12008BCB200A419CA /* TOTP.swift */; };
		0E45383E2157773800B417E4 /* Generator.swift in Sources */ = {isa = PBXBuildFile; fileRef = 0E5B389F2008BCB200A419CA /* Generator.swift */; };
		0E45383F2157773800B417E4 /* Base32.swift in Sources */ = {isa = PBXBuildFile; fileRef = 0E5B38D7200ACDBC00A419CA /* Base32.swift */; };
		0E4538402157773800B417E4 /* StringExtension.swift in Sources */ = {isa = PBXBuildFile; fileRef = 0E5B38D6200ACDBC00A419CA /* StringExtension.swift */; };
		0E4538412157773800B417E4 /* OTPAlgorithm.swift in Sources */ = {isa = PBXBuildFile; fileRef = 0E5B38A02008BCB200A419CA /* OTPAlgorithm.swift */; };
		0E4538422157773800B417E4 /* HOTP.swift in Sources */ = {isa = PBXBuildFile; fileRef = 0E5B38DA200B1B4D00A419CA /* HOTP.swift */; };
		0E4538432157773800B417E4 /* TOTP.swift in Sources */ = {isa = PBXBuildFile; fileRef = 0E5B38A12008BCB200A419CA /* TOTP.swift */; };
		0E4538442157773800B417E4 /* Generator.swift in Sources */ = {isa = PBXBuildFile; fileRef = 0E5B389F2008BCB200A419CA /* Generator.swift */; };
		0E5B388F2008B07900A419CA /* SwiftOTP.framework in Frameworks */ = {isa = PBXBuildFile; fileRef = 0E5B38852008B07900A419CA /* SwiftOTP.framework */; };
		0E5B38962008B07900A419CA /* SwiftOTP.h in Headers */ = {isa = PBXBuildFile; fileRef = 0E5B38882008B07900A419CA /* SwiftOTP.h */; settings = {ATTRIBUTES = (Public, ); }; };
		0E5B38A22008BCB200A419CA /* Generator.swift in Sources */ = {isa = PBXBuildFile; fileRef = 0E5B389F2008BCB200A419CA /* Generator.swift */; };
		0E5B38A32008BCB200A419CA /* OTPAlgorithm.swift in Sources */ = {isa = PBXBuildFile; fileRef = 0E5B38A02008BCB200A419CA /* OTPAlgorithm.swift */; };
		0E5B38A42008BCB200A419CA /* TOTP.swift in Sources */ = {isa = PBXBuildFile; fileRef = 0E5B38A12008BCB200A419CA /* TOTP.swift */; };
		0E5B38A620097BA000A419CA /* GeneratorTests.swift in Sources */ = {isa = PBXBuildFile; fileRef = 0E5B38A520097BA000A419CA /* GeneratorTests.swift */; };
		0E5B38D8200ACDBC00A419CA /* StringExtension.swift in Sources */ = {isa = PBXBuildFile; fileRef = 0E5B38D6200ACDBC00A419CA /* StringExtension.swift */; };
		0E5B38D9200ACDBC00A419CA /* Base32.swift in Sources */ = {isa = PBXBuildFile; fileRef = 0E5B38D7200ACDBC00A419CA /* Base32.swift */; };
		0E5B38DB200B1B4D00A419CA /* HOTP.swift in Sources */ = {isa = PBXBuildFile; fileRef = 0E5B38DA200B1B4D00A419CA /* HOTP.swift */; };
		0E5B38DD200B1D3700A419CA /* HOTPTests.swift in Sources */ = {isa = PBXBuildFile; fileRef = 0E5B38DC200B1D3700A419CA /* HOTPTests.swift */; };
		0E5B38DF200B1D4600A419CA /* TOTPTests.swift in Sources */ = {isa = PBXBuildFile; fileRef = 0E5B38DE200B1D4600A419CA /* TOTPTests.swift */; };
		32842FDC708DC03D4B331551 /* libPods-SwiftOTP.a in Frameworks */ = {isa = PBXBuildFile; fileRef = F52CD548A2795789EA07AE57 /* libPods-SwiftOTP.a */; };
		42B20C9F4F5C393E818BF12E /* libPods-SwiftOTP Mac.a in Frameworks */ = {isa = PBXBuildFile; fileRef = 1244749B963E712787B4795A /* libPods-SwiftOTP Mac.a */; };
		5813D1CB60A5E503273653F8 /* libPods-SwiftOTP TV.a in Frameworks */ = {isa = PBXBuildFile; fileRef = 548C11FB7A27CFB498B2BE6B /* libPods-SwiftOTP TV.a */; };
		7D8ABA5DBC86F55C67849007 /* libPods-SwiftOTP Watch.a in Frameworks */ = {isa = PBXBuildFile; fileRef = 90D9C0A6661E9628ED2A9F83 /* libPods-SwiftOTP Watch.a */; };
		92CAEF0B22E7090500CC1DAF /* UInt64+Data.swift in Sources */ = {isa = PBXBuildFile; fileRef = 0E303A7621A3A742002FB8E0 /* UInt64+Data.swift */; };
		92CAEF0C22E7090500CC1DAF /* UInt64+Data.swift in Sources */ = {isa = PBXBuildFile; fileRef = 0E303A7621A3A742002FB8E0 /* UInt64+Data.swift */; };
		92CAEF0D22E7090600CC1DAF /* UInt64+Data.swift in Sources */ = {isa = PBXBuildFile; fileRef = 0E303A7621A3A742002FB8E0 /* UInt64+Data.swift */; };
		A3460B6F98865CE7A5CA4CAA /* libPods-SwiftOTPTests.a in Frameworks */ = {isa = PBXBuildFile; fileRef = 9A59B6BF21289CBABCDCC1D1 /* libPods-SwiftOTPTests.a */; };
/* End PBXBuildFile section */

/* Begin PBXContainerItemProxy section */
		0E5B38902008B07900A419CA /* PBXContainerItemProxy */ = {
			isa = PBXContainerItemProxy;
			containerPortal = 0E5B387C2008B07900A419CA /* Project object */;
			proxyType = 1;
			remoteGlobalIDString = 0E5B38842008B07900A419CA;
			remoteInfo = SwiftOTP;
		};
/* End PBXContainerItemProxy section */

/* Begin PBXFileReference section */
		06B6AE79191723C139875C67 /* Pods-SwiftOTP Mac.debug.xcconfig */ = {isa = PBXFileReference; includeInIndex = 1; lastKnownFileType = text.xcconfig; name = "Pods-SwiftOTP Mac.debug.xcconfig"; path = "Pods/Target Support Files/Pods-SwiftOTP Mac/Pods-SwiftOTP Mac.debug.xcconfig"; sourceTree = "<group>"; };
		0E303A7621A3A742002FB8E0 /* UInt64+Data.swift */ = {isa = PBXFileReference; lastKnownFileType = sourcecode.swift; path = "UInt64+Data.swift"; sourceTree = "<group>"; };
		0E45380E215774B600B417E4 /* SwiftOTP.framework */ = {isa = PBXFileReference; explicitFileType = wrapper.framework; includeInIndex = 0; path = SwiftOTP.framework; sourceTree = BUILT_PRODUCTS_DIR; };
		0E453810215774B600B417E4 /* SwiftOTP_Mac.h */ = {isa = PBXFileReference; lastKnownFileType = sourcecode.c.h; path = SwiftOTP_Mac.h; sourceTree = "<group>"; };
		0E453811215774B600B417E4 /* Info.plist */ = {isa = PBXFileReference; lastKnownFileType = text.plist.xml; path = Info.plist; sourceTree = "<group>"; };
		0E4538242157767B00B417E4 /* SwiftOTP.framework */ = {isa = PBXFileReference; explicitFileType = wrapper.framework; includeInIndex = 0; path = SwiftOTP.framework; sourceTree = BUILT_PRODUCTS_DIR; };
		0E4538262157767B00B417E4 /* SwiftOTP_Watch.h */ = {isa = PBXFileReference; lastKnownFileType = sourcecode.c.h; path = SwiftOTP_Watch.h; sourceTree = "<group>"; };
		0E4538272157767B00B417E4 /* Info.plist */ = {isa = PBXFileReference; lastKnownFileType = text.plist.xml; path = Info.plist; sourceTree = "<group>"; };
		0E4538312157770F00B417E4 /* SwiftOTP.framework */ = {isa = PBXFileReference; explicitFileType = wrapper.framework; includeInIndex = 0; path = SwiftOTP.framework; sourceTree = BUILT_PRODUCTS_DIR; };
		0E4538332157770F00B417E4 /* SwiftOTP_TV.h */ = {isa = PBXFileReference; lastKnownFileType = sourcecode.c.h; path = SwiftOTP_TV.h; sourceTree = "<group>"; };
		0E4538342157770F00B417E4 /* Info.plist */ = {isa = PBXFileReference; lastKnownFileType = text.plist.xml; path = Info.plist; sourceTree = "<group>"; };
		0E5B38852008B07900A419CA /* SwiftOTP.framework */ = {isa = PBXFileReference; explicitFileType = wrapper.framework; includeInIndex = 0; path = SwiftOTP.framework; sourceTree = BUILT_PRODUCTS_DIR; };
		0E5B38882008B07900A419CA /* SwiftOTP.h */ = {isa = PBXFileReference; lastKnownFileType = sourcecode.c.h; path = SwiftOTP.h; sourceTree = "<group>"; };
		0E5B38892008B07900A419CA /* Info.plist */ = {isa = PBXFileReference; lastKnownFileType = text.plist.xml; path = Info.plist; sourceTree = "<group>"; };
		0E5B388E2008B07900A419CA /* SwiftOTPTests.xctest */ = {isa = PBXFileReference; explicitFileType = wrapper.cfbundle; includeInIndex = 0; path = SwiftOTPTests.xctest; sourceTree = BUILT_PRODUCTS_DIR; };
		0E5B38952008B07900A419CA /* Info.plist */ = {isa = PBXFileReference; lastKnownFileType = text.plist.xml; path = Info.plist; sourceTree = "<group>"; };
		0E5B389F2008BCB200A419CA /* Generator.swift */ = {isa = PBXFileReference; fileEncoding = 4; lastKnownFileType = sourcecode.swift; path = Generator.swift; sourceTree = "<group>"; };
		0E5B38A02008BCB200A419CA /* OTPAlgorithm.swift */ = {isa = PBXFileReference; fileEncoding = 4; lastKnownFileType = sourcecode.swift; path = OTPAlgorithm.swift; sourceTree = "<group>"; };
		0E5B38A12008BCB200A419CA /* TOTP.swift */ = {isa = PBXFileReference; fileEncoding = 4; lastKnownFileType = sourcecode.swift; path = TOTP.swift; sourceTree = "<group>"; };
		0E5B38A520097BA000A419CA /* GeneratorTests.swift */ = {isa = PBXFileReference; lastKnownFileType = sourcecode.swift; path = GeneratorTests.swift; sourceTree = "<group>"; };
		0E5B38D6200ACDBC00A419CA /* StringExtension.swift */ = {isa = PBXFileReference; fileEncoding = 4; lastKnownFileType = sourcecode.swift; path = StringExtension.swift; sourceTree = "<group>"; };
		0E5B38D7200ACDBC00A419CA /* Base32.swift */ = {isa = PBXFileReference; fileEncoding = 4; lastKnownFileType = sourcecode.swift; path = Base32.swift; sourceTree = "<group>"; };
		0E5B38DA200B1B4D00A419CA /* HOTP.swift */ = {isa = PBXFileReference; lastKnownFileType = sourcecode.swift; path = HOTP.swift; sourceTree = "<group>"; };
		0E5B38DC200B1D3700A419CA /* HOTPTests.swift */ = {isa = PBXFileReference; lastKnownFileType = sourcecode.swift; path = HOTPTests.swift; sourceTree = "<group>"; };
		0E5B38DE200B1D4600A419CA /* TOTPTests.swift */ = {isa = PBXFileReference; lastKnownFileType = sourcecode.swift; path = TOTPTests.swift; sourceTree = "<group>"; };
		1244749B963E712787B4795A /* libPods-SwiftOTP Mac.a */ = {isa = PBXFileReference; explicitFileType = archive.ar; includeInIndex = 0; path = "libPods-SwiftOTP Mac.a"; sourceTree = BUILT_PRODUCTS_DIR; };
		1F4BAF68BFD4A274DB50BF2D /* Pods-SwiftOTP.release.xcconfig */ = {isa = PBXFileReference; includeInIndex = 1; lastKnownFileType = text.xcconfig; name = "Pods-SwiftOTP.release.xcconfig"; path = "Pods/Target Support Files/Pods-SwiftOTP/Pods-SwiftOTP.release.xcconfig"; sourceTree = "<group>"; };
		21FB0F51DC02039906CB5ACF /* Pods-SwiftOTP TV.debug.xcconfig */ = {isa = PBXFileReference; includeInIndex = 1; lastKnownFileType = text.xcconfig; name = "Pods-SwiftOTP TV.debug.xcconfig"; path = "Pods/Target Support Files/Pods-SwiftOTP TV/Pods-SwiftOTP TV.debug.xcconfig"; sourceTree = "<group>"; };
		27FC0FDCC158142A6DE70DB6 /* Pods-SwiftOTP TV.release.xcconfig */ = {isa = PBXFileReference; includeInIndex = 1; lastKnownFileType = text.xcconfig; name = "Pods-SwiftOTP TV.release.xcconfig"; path = "Pods/Target Support Files/Pods-SwiftOTP TV/Pods-SwiftOTP TV.release.xcconfig"; sourceTree = "<group>"; };
		3A64D432841DBC9BAE9195BB /* Pods-SwiftOTP Mac.release.xcconfig */ = {isa = PBXFileReference; includeInIndex = 1; lastKnownFileType = text.xcconfig; name = "Pods-SwiftOTP Mac.release.xcconfig"; path = "Pods/Target Support Files/Pods-SwiftOTP Mac/Pods-SwiftOTP Mac.release.xcconfig"; sourceTree = "<group>"; };
		548C11FB7A27CFB498B2BE6B /* libPods-SwiftOTP TV.a */ = {isa = PBXFileReference; explicitFileType = archive.ar; includeInIndex = 0; path = "libPods-SwiftOTP TV.a"; sourceTree = BUILT_PRODUCTS_DIR; };
		90D9C0A6661E9628ED2A9F83 /* libPods-SwiftOTP Watch.a */ = {isa = PBXFileReference; explicitFileType = archive.ar; includeInIndex = 0; path = "libPods-SwiftOTP Watch.a"; sourceTree = BUILT_PRODUCTS_DIR; };
		9A59B6BF21289CBABCDCC1D1 /* libPods-SwiftOTPTests.a */ = {isa = PBXFileReference; explicitFileType = archive.ar; includeInIndex = 0; path = "libPods-SwiftOTPTests.a"; sourceTree = BUILT_PRODUCTS_DIR; };
		9AA5BAD27E10DC83E320BB4B /* Pods-SwiftOTPTests.debug.xcconfig */ = {isa = PBXFileReference; includeInIndex = 1; lastKnownFileType = text.xcconfig; name = "Pods-SwiftOTPTests.debug.xcconfig"; path = "Pods/Target Support Files/Pods-SwiftOTPTests/Pods-SwiftOTPTests.debug.xcconfig"; sourceTree = "<group>"; };
		9CA72805763F06BF93431E28 /* Pods-SwiftOTP.debug.xcconfig */ = {isa = PBXFileReference; includeInIndex = 1; lastKnownFileType = text.xcconfig; name = "Pods-SwiftOTP.debug.xcconfig"; path = "Pods/Target Support Files/Pods-SwiftOTP/Pods-SwiftOTP.debug.xcconfig"; sourceTree = "<group>"; };
		B60412F7533B5AAE032277FC /* Pods-SwiftOTP Watch.release.xcconfig */ = {isa = PBXFileReference; includeInIndex = 1; lastKnownFileType = text.xcconfig; name = "Pods-SwiftOTP Watch.release.xcconfig"; path = "Pods/Target Support Files/Pods-SwiftOTP Watch/Pods-SwiftOTP Watch.release.xcconfig"; sourceTree = "<group>"; };
		D244CB2C17FEF3BCA1E61190 /* Pods-SwiftOTPTests.release.xcconfig */ = {isa = PBXFileReference; includeInIndex = 1; lastKnownFileType = text.xcconfig; name = "Pods-SwiftOTPTests.release.xcconfig"; path = "Pods/Target Support Files/Pods-SwiftOTPTests/Pods-SwiftOTPTests.release.xcconfig"; sourceTree = "<group>"; };
		EDA3F0E6BF93D59DE89022D8 /* Pods-SwiftOTP Watch.debug.xcconfig */ = {isa = PBXFileReference; includeInIndex = 1; lastKnownFileType = text.xcconfig; name = "Pods-SwiftOTP Watch.debug.xcconfig"; path = "Pods/Target Support Files/Pods-SwiftOTP Watch/Pods-SwiftOTP Watch.debug.xcconfig"; sourceTree = "<group>"; };
		F52CD548A2795789EA07AE57 /* libPods-SwiftOTP.a */ = {isa = PBXFileReference; explicitFileType = archive.ar; includeInIndex = 0; path = "libPods-SwiftOTP.a"; sourceTree = BUILT_PRODUCTS_DIR; };
/* End PBXFileReference section */

/* Begin PBXFrameworksBuildPhase section */
		0E45380B215774B600B417E4 /* Frameworks */ = {
			isa = PBXFrameworksBuildPhase;
			buildActionMask = 2147483647;
			files = (
				42B20C9F4F5C393E818BF12E /* libPods-SwiftOTP Mac.a in Frameworks */,
			);
			runOnlyForDeploymentPostprocessing = 0;
		};
		0E4538212157767B00B417E4 /* Frameworks */ = {
			isa = PBXFrameworksBuildPhase;
			buildActionMask = 2147483647;
			files = (
				7D8ABA5DBC86F55C67849007 /* libPods-SwiftOTP Watch.a in Frameworks */,
			);
			runOnlyForDeploymentPostprocessing = 0;
		};
		0E45382E2157770F00B417E4 /* Frameworks */ = {
			isa = PBXFrameworksBuildPhase;
			buildActionMask = 2147483647;
			files = (
				5813D1CB60A5E503273653F8 /* libPods-SwiftOTP TV.a in Frameworks */,
			);
			runOnlyForDeploymentPostprocessing = 0;
		};
		0E5B38812008B07900A419CA /* Frameworks */ = {
			isa = PBXFrameworksBuildPhase;
			buildActionMask = 2147483647;
			files = (
				32842FDC708DC03D4B331551 /* libPods-SwiftOTP.a in Frameworks */,
			);
			runOnlyForDeploymentPostprocessing = 0;
		};
		0E5B388B2008B07900A419CA /* Frameworks */ = {
			isa = PBXFrameworksBuildPhase;
			buildActionMask = 2147483647;
			files = (
				0E5B388F2008B07900A419CA /* SwiftOTP.framework in Frameworks */,
				A3460B6F98865CE7A5CA4CAA /* libPods-SwiftOTPTests.a in Frameworks */,
			);
			runOnlyForDeploymentPostprocessing = 0;
		};
/* End PBXFrameworksBuildPhase section */

/* Begin PBXGroup section */
		0E45380F215774B600B417E4 /* SwiftOTP Mac */ = {
			isa = PBXGroup;
			children = (
				0E453810215774B600B417E4 /* SwiftOTP_Mac.h */,
				0E453811215774B600B417E4 /* Info.plist */,
			);
			path = "SwiftOTP Mac";
			sourceTree = "<group>";
		};
		0E4538252157767B00B417E4 /* SwiftOTP Watch */ = {
			isa = PBXGroup;
			children = (
				0E4538262157767B00B417E4 /* SwiftOTP_Watch.h */,
				0E4538272157767B00B417E4 /* Info.plist */,
			);
			path = "SwiftOTP Watch";
			sourceTree = "<group>";
		};
		0E4538322157770F00B417E4 /* SwiftOTP TV */ = {
			isa = PBXGroup;
			children = (
				0E4538332157770F00B417E4 /* SwiftOTP_TV.h */,
				0E4538342157770F00B417E4 /* Info.plist */,
			);
			path = "SwiftOTP TV";
			sourceTree = "<group>";
		};
		0E5B387B2008B07900A419CA = {
			isa = PBXGroup;
			children = (
				0E5B38872008B07900A419CA /* SwiftOTP */,
				0E5B38922008B07900A419CA /* SwiftOTPTests */,
				BE8FE4BAD7D4C80A28898C3C /* Pods */,
				0E45380F215774B600B417E4 /* SwiftOTP Mac */,
				0E4538252157767B00B417E4 /* SwiftOTP Watch */,
				0E4538322157770F00B417E4 /* SwiftOTP TV */,
				CC168C46C1BC9FBC3DE2B268 /* Frameworks */,
			);
			sourceTree = "<group>";
			usesTabs = 1;
		};
		0E5B38862008B07900A419CA /* Products */ = {
			isa = PBXGroup;
			children = (
				0E5B38852008B07900A419CA /* SwiftOTP.framework */,
				0E5B388E2008B07900A419CA /* SwiftOTPTests.xctest */,
				0E45380E215774B600B417E4 /* SwiftOTP.framework */,
				0E4538242157767B00B417E4 /* SwiftOTP.framework */,
				0E4538312157770F00B417E4 /* SwiftOTP.framework */,
			);
			name = Products;
			path = ..;
			sourceTree = "<group>";
		};
		0E5B38872008B07900A419CA /* SwiftOTP */ = {
			isa = PBXGroup;
			children = (
				0E5B38D5200ACD2000A419CA /* Base32 */,
				0E5B38A02008BCB200A419CA /* OTPAlgorithm.swift */,
				0E5B38DA200B1B4D00A419CA /* HOTP.swift */,
				0E5B38A12008BCB200A419CA /* TOTP.swift */,
				0E5B389F2008BCB200A419CA /* Generator.swift */,
				0E303A7621A3A742002FB8E0 /* UInt64+Data.swift */,
				0E5B38882008B07900A419CA /* SwiftOTP.h */,
				0E5B38892008B07900A419CA /* Info.plist */,
			);
			path = SwiftOTP;
			sourceTree = "<group>";
		};
		0E5B38922008B07900A419CA /* SwiftOTPTests */ = {
			isa = PBXGroup;
			children = (
				0E5B38A520097BA000A419CA /* GeneratorTests.swift */,
				0E5B38DC200B1D3700A419CA /* HOTPTests.swift */,
				0E5B38DE200B1D4600A419CA /* TOTPTests.swift */,
				0E5B38952008B07900A419CA /* Info.plist */,
				0E5B38862008B07900A419CA /* Products */,
			);
			path = SwiftOTPTests;
			sourceTree = "<group>";
		};
		0E5B38D5200ACD2000A419CA /* Base32 */ = {
			isa = PBXGroup;
			children = (
				0E5B38D7200ACDBC00A419CA /* Base32.swift */,
				0E5B38D6200ACDBC00A419CA /* StringExtension.swift */,
			);
			path = Base32;
			sourceTree = "<group>";
		};
		BE8FE4BAD7D4C80A28898C3C /* Pods */ = {
			isa = PBXGroup;
			children = (
				9CA72805763F06BF93431E28 /* Pods-SwiftOTP.debug.xcconfig */,
				1F4BAF68BFD4A274DB50BF2D /* Pods-SwiftOTP.release.xcconfig */,
				06B6AE79191723C139875C67 /* Pods-SwiftOTP Mac.debug.xcconfig */,
				3A64D432841DBC9BAE9195BB /* Pods-SwiftOTP Mac.release.xcconfig */,
				21FB0F51DC02039906CB5ACF /* Pods-SwiftOTP TV.debug.xcconfig */,
				27FC0FDCC158142A6DE70DB6 /* Pods-SwiftOTP TV.release.xcconfig */,
				EDA3F0E6BF93D59DE89022D8 /* Pods-SwiftOTP Watch.debug.xcconfig */,
				B60412F7533B5AAE032277FC /* Pods-SwiftOTP Watch.release.xcconfig */,
				9AA5BAD27E10DC83E320BB4B /* Pods-SwiftOTPTests.debug.xcconfig */,
				D244CB2C17FEF3BCA1E61190 /* Pods-SwiftOTPTests.release.xcconfig */,
			);
			name = Pods;
			sourceTree = "<group>";
		};
		CC168C46C1BC9FBC3DE2B268 /* Frameworks */ = {
			isa = PBXGroup;
			children = (
				F52CD548A2795789EA07AE57 /* libPods-SwiftOTP.a */,
				1244749B963E712787B4795A /* libPods-SwiftOTP Mac.a */,
				548C11FB7A27CFB498B2BE6B /* libPods-SwiftOTP TV.a */,
				90D9C0A6661E9628ED2A9F83 /* libPods-SwiftOTP Watch.a */,
				9A59B6BF21289CBABCDCC1D1 /* libPods-SwiftOTPTests.a */,
			);
			name = Frameworks;
			sourceTree = "<group>";
		};
/* End PBXGroup section */

/* Begin PBXHeadersBuildPhase section */
		0E453809215774B600B417E4 /* Headers */ = {
			isa = PBXHeadersBuildPhase;
			buildActionMask = 2147483647;
			files = (
				0E453812215774B600B417E4 /* SwiftOTP_Mac.h in Headers */,
			);
			runOnlyForDeploymentPostprocessing = 0;
		};
		0E45381F2157767B00B417E4 /* Headers */ = {
			isa = PBXHeadersBuildPhase;
			buildActionMask = 2147483647;
			files = (
				0E4538282157767B00B417E4 /* SwiftOTP_Watch.h in Headers */,
			);
			runOnlyForDeploymentPostprocessing = 0;
		};
		0E45382C2157770F00B417E4 /* Headers */ = {
			isa = PBXHeadersBuildPhase;
			buildActionMask = 2147483647;
			files = (
				0E4538352157770F00B417E4 /* SwiftOTP_TV.h in Headers */,
			);
			runOnlyForDeploymentPostprocessing = 0;
		};
		0E5B38822008B07900A419CA /* Headers */ = {
			isa = PBXHeadersBuildPhase;
			buildActionMask = 2147483647;
			files = (
				0E5B38962008B07900A419CA /* SwiftOTP.h in Headers */,
			);
			runOnlyForDeploymentPostprocessing = 0;
		};
/* End PBXHeadersBuildPhase section */

/* Begin PBXNativeTarget section */
		0E45380D215774B600B417E4 /* SwiftOTP Mac */ = {
			isa = PBXNativeTarget;
			buildConfigurationList = 0E453815215774B600B417E4 /* Build configuration list for PBXNativeTarget "SwiftOTP Mac" */;
			buildPhases = (
				FEC92955EF01FEF3D7F648E0 /* [CP] Check Pods Manifest.lock */,
				0E453809215774B600B417E4 /* Headers */,
				0E45380A215774B600B417E4 /* Sources */,
				0E45380B215774B600B417E4 /* Frameworks */,
				0E45380C215774B600B417E4 /* Resources */,
			);
			buildRules = (
			);
			dependencies = (
			);
			name = "SwiftOTP Mac";
			productName = "SwiftOTP Mac";
			productReference = 0E45380E215774B600B417E4 /* SwiftOTP.framework */;
			productType = "com.apple.product-type.framework";
		};
		0E4538232157767B00B417E4 /* SwiftOTP Watch */ = {
			isa = PBXNativeTarget;
			buildConfigurationList = 0E4538292157767B00B417E4 /* Build configuration list for PBXNativeTarget "SwiftOTP Watch" */;
			buildPhases = (
				1E3E158FD03E69EC52A85E5A /* [CP] Check Pods Manifest.lock */,
				0E45381F2157767B00B417E4 /* Headers */,
				0E4538202157767B00B417E4 /* Sources */,
				0E4538212157767B00B417E4 /* Frameworks */,
				0E4538222157767B00B417E4 /* Resources */,
			);
			buildRules = (
			);
			dependencies = (
			);
			name = "SwiftOTP Watch";
			productName = "SwiftOTP Watch";
			productReference = 0E4538242157767B00B417E4 /* SwiftOTP.framework */;
			productType = "com.apple.product-type.framework";
		};
		0E4538302157770F00B417E4 /* SwiftOTP TV */ = {
			isa = PBXNativeTarget;
			buildConfigurationList = 0E4538362157770F00B417E4 /* Build configuration list for PBXNativeTarget "SwiftOTP TV" */;
			buildPhases = (
				A93215D914D4666B02BA65CA /* [CP] Check Pods Manifest.lock */,
				0E45382C2157770F00B417E4 /* Headers */,
				0E45382D2157770F00B417E4 /* Sources */,
				0E45382E2157770F00B417E4 /* Frameworks */,
				0E45382F2157770F00B417E4 /* Resources */,
			);
			buildRules = (
			);
			dependencies = (
			);
			name = "SwiftOTP TV";
			productName = "SwiftOTP TV";
			productReference = 0E4538312157770F00B417E4 /* SwiftOTP.framework */;
			productType = "com.apple.product-type.framework";
		};
		0E5B38842008B07900A419CA /* SwiftOTP */ = {
			isa = PBXNativeTarget;
			buildConfigurationList = 0E5B38992008B07900A419CA /* Build configuration list for PBXNativeTarget "SwiftOTP" */;
			buildPhases = (
				0A07EC2C938BF85422B96BC2 /* [CP] Check Pods Manifest.lock */,
				0E5B38802008B07900A419CA /* Sources */,
				0E5B38812008B07900A419CA /* Frameworks */,
				0E5B38822008B07900A419CA /* Headers */,
				0E5B38832008B07900A419CA /* Resources */,
			);
			buildRules = (
			);
			dependencies = (
			);
			name = SwiftOTP;
			productName = SwiftOTP;
			productReference = 0E5B38852008B07900A419CA /* SwiftOTP.framework */;
			productType = "com.apple.product-type.framework";
		};
		0E5B388D2008B07900A419CA /* SwiftOTPTests */ = {
			isa = PBXNativeTarget;
			buildConfigurationList = 0E5B389C2008B07900A419CA /* Build configuration list for PBXNativeTarget "SwiftOTPTests" */;
			buildPhases = (
				D0370A859946BB845E9ACD3E /* [CP] Check Pods Manifest.lock */,
				0E5B388A2008B07900A419CA /* Sources */,
				0E5B388B2008B07900A419CA /* Frameworks */,
				0E5B388C2008B07900A419CA /* Resources */,
			);
			buildRules = (
			);
			dependencies = (
				0E5B38912008B07900A419CA /* PBXTargetDependency */,
			);
			name = SwiftOTPTests;
			productName = SwiftOTPTests;
			productReference = 0E5B388E2008B07900A419CA /* SwiftOTPTests.xctest */;
			productType = "com.apple.product-type.bundle.unit-test";
		};
/* End PBXNativeTarget section */

/* Begin PBXProject section */
		0E5B387C2008B07900A419CA /* Project object */ = {
			isa = PBXProject;
			attributes = {
				LastSwiftUpdateCheck = 0920;
				LastUpgradeCheck = 1020;
				ORGANIZATIONNAME = "Lachlan Bell";
				TargetAttributes = {
					0E45380D215774B600B417E4 = {
						CreatedOnToolsVersion = 10.0;
						LastSwiftMigration = 1020;
						ProvisioningStyle = Automatic;
					};
					0E4538232157767B00B417E4 = {
						CreatedOnToolsVersion = 10.0;
						LastSwiftMigration = 1020;
						ProvisioningStyle = Automatic;
					};
					0E4538302157770F00B417E4 = {
						CreatedOnToolsVersion = 10.0;
						LastSwiftMigration = 1020;
						ProvisioningStyle = Automatic;
					};
					0E5B38842008B07900A419CA = {
						CreatedOnToolsVersion = 9.2;
						LastSwiftMigration = 1020;
						ProvisioningStyle = Automatic;
					};
					0E5B388D2008B07900A419CA = {
						CreatedOnToolsVersion = 9.2;
						LastSwiftMigration = 1020;
						ProvisioningStyle = Automatic;
					};
				};
			};
			buildConfigurationList = 0E5B387F2008B07900A419CA /* Build configuration list for PBXProject "SwiftOTP" */;
			compatibilityVersion = "Xcode 8.0";
			developmentRegion = en;
			hasScannedForEncodings = 0;
			knownRegions = (
				en,
			);
			mainGroup = 0E5B387B2008B07900A419CA;
			productRefGroup = 0E5B38862008B07900A419CA /* Products */;
			projectDirPath = "";
			projectRoot = "";
			targets = (
				0E5B38842008B07900A419CA /* SwiftOTP */,
				0E5B388D2008B07900A419CA /* SwiftOTPTests */,
				0E45380D215774B600B417E4 /* SwiftOTP Mac */,
				0E4538232157767B00B417E4 /* SwiftOTP Watch */,
				0E4538302157770F00B417E4 /* SwiftOTP TV */,
			);
		};
/* End PBXProject section */

/* Begin PBXResourcesBuildPhase section */
		0E45380C215774B600B417E4 /* Resources */ = {
			isa = PBXResourcesBuildPhase;
			buildActionMask = 2147483647;
			files = (
			);
			runOnlyForDeploymentPostprocessing = 0;
		};
		0E4538222157767B00B417E4 /* Resources */ = {
			isa = PBXResourcesBuildPhase;
			buildActionMask = 2147483647;
			files = (
			);
			runOnlyForDeploymentPostprocessing = 0;
		};
		0E45382F2157770F00B417E4 /* Resources */ = {
			isa = PBXResourcesBuildPhase;
			buildActionMask = 2147483647;
			files = (
			);
			runOnlyForDeploymentPostprocessing = 0;
		};
		0E5B38832008B07900A419CA /* Resources */ = {
			isa = PBXResourcesBuildPhase;
			buildActionMask = 2147483647;
			files = (
			);
			runOnlyForDeploymentPostprocessing = 0;
		};
		0E5B388C2008B07900A419CA /* Resources */ = {
			isa = PBXResourcesBuildPhase;
			buildActionMask = 2147483647;
			files = (
			);
			runOnlyForDeploymentPostprocessing = 0;
		};
/* End PBXResourcesBuildPhase section */

/* Begin PBXShellScriptBuildPhase section */
		0A07EC2C938BF85422B96BC2 /* [CP] Check Pods Manifest.lock */ = {
			isa = PBXShellScriptBuildPhase;
			buildActionMask = 2147483647;
			files = (
			);
			inputPaths = (
				"${PODS_PODFILE_DIR_PATH}/Podfile.lock",
				"${PODS_ROOT}/Manifest.lock",
			);
			name = "[CP] Check Pods Manifest.lock";
			outputPaths = (
				"$(DERIVED_FILE_DIR)/Pods-SwiftOTP-checkManifestLockResult.txt",
			);
			runOnlyForDeploymentPostprocessing = 0;
			shellPath = /bin/sh;
			shellScript = "diff \"${PODS_PODFILE_DIR_PATH}/Podfile.lock\" \"${PODS_ROOT}/Manifest.lock\" > /dev/null\nif [ $? != 0 ] ; then\n    # print error to STDERR\n    echo \"error: The sandbox is not in sync with the Podfile.lock. Run 'pod install' or update your CocoaPods installation.\" >&2\n    exit 1\nfi\n# This output is used by Xcode 'outputs' to avoid re-running this script phase.\necho \"SUCCESS\" > \"${SCRIPT_OUTPUT_FILE_0}\"\n";
			showEnvVarsInLog = 0;
		};
		1E3E158FD03E69EC52A85E5A /* [CP] Check Pods Manifest.lock */ = {
			isa = PBXShellScriptBuildPhase;
			buildActionMask = 2147483647;
			files = (
			);
			inputFileListPaths = (
			);
			inputPaths = (
				"${PODS_PODFILE_DIR_PATH}/Podfile.lock",
				"${PODS_ROOT}/Manifest.lock",
			);
			name = "[CP] Check Pods Manifest.lock";
			outputFileListPaths = (
			);
			outputPaths = (
				"$(DERIVED_FILE_DIR)/Pods-SwiftOTP Watch-checkManifestLockResult.txt",
			);
			runOnlyForDeploymentPostprocessing = 0;
			shellPath = /bin/sh;
			shellScript = "diff \"${PODS_PODFILE_DIR_PATH}/Podfile.lock\" \"${PODS_ROOT}/Manifest.lock\" > /dev/null\nif [ $? != 0 ] ; then\n    # print error to STDERR\n    echo \"error: The sandbox is not in sync with the Podfile.lock. Run 'pod install' or update your CocoaPods installation.\" >&2\n    exit 1\nfi\n# This output is used by Xcode 'outputs' to avoid re-running this script phase.\necho \"SUCCESS\" > \"${SCRIPT_OUTPUT_FILE_0}\"\n";
			showEnvVarsInLog = 0;
		};
		A93215D914D4666B02BA65CA /* [CP] Check Pods Manifest.lock */ = {
			isa = PBXShellScriptBuildPhase;
			buildActionMask = 2147483647;
			files = (
			);
			inputFileListPaths = (
			);
			inputPaths = (
				"${PODS_PODFILE_DIR_PATH}/Podfile.lock",
				"${PODS_ROOT}/Manifest.lock",
			);
			name = "[CP] Check Pods Manifest.lock";
			outputFileListPaths = (
			);
			outputPaths = (
				"$(DERIVED_FILE_DIR)/Pods-SwiftOTP TV-checkManifestLockResult.txt",
			);
			runOnlyForDeploymentPostprocessing = 0;
			shellPath = /bin/sh;
			shellScript = "diff \"${PODS_PODFILE_DIR_PATH}/Podfile.lock\" \"${PODS_ROOT}/Manifest.lock\" > /dev/null\nif [ $? != 0 ] ; then\n    # print error to STDERR\n    echo \"error: The sandbox is not in sync with the Podfile.lock. Run 'pod install' or update your CocoaPods installation.\" >&2\n    exit 1\nfi\n# This output is used by Xcode 'outputs' to avoid re-running this script phase.\necho \"SUCCESS\" > \"${SCRIPT_OUTPUT_FILE_0}\"\n";
			showEnvVarsInLog = 0;
		};
		D0370A859946BB845E9ACD3E /* [CP] Check Pods Manifest.lock */ = {
			isa = PBXShellScriptBuildPhase;
			buildActionMask = 2147483647;
			files = (
			);
			inputFileListPaths = (
			);
			inputPaths = (
				"${PODS_PODFILE_DIR_PATH}/Podfile.lock",
				"${PODS_ROOT}/Manifest.lock",
			);
			name = "[CP] Check Pods Manifest.lock";
			outputFileListPaths = (
			);
			outputPaths = (
				"$(DERIVED_FILE_DIR)/Pods-SwiftOTPTests-checkManifestLockResult.txt",
			);
			runOnlyForDeploymentPostprocessing = 0;
			shellPath = /bin/sh;
			shellScript = "diff \"${PODS_PODFILE_DIR_PATH}/Podfile.lock\" \"${PODS_ROOT}/Manifest.lock\" > /dev/null\nif [ $? != 0 ] ; then\n    # print error to STDERR\n    echo \"error: The sandbox is not in sync with the Podfile.lock. Run 'pod install' or update your CocoaPods installation.\" >&2\n    exit 1\nfi\n# This output is used by Xcode 'outputs' to avoid re-running this script phase.\necho \"SUCCESS\" > \"${SCRIPT_OUTPUT_FILE_0}\"\n";
			showEnvVarsInLog = 0;
		};
		FEC92955EF01FEF3D7F648E0 /* [CP] Check Pods Manifest.lock */ = {
			isa = PBXShellScriptBuildPhase;
			buildActionMask = 2147483647;
			files = (
			);
			inputPaths = (
				"${PODS_PODFILE_DIR_PATH}/Podfile.lock",
				"${PODS_ROOT}/Manifest.lock",
			);
			name = "[CP] Check Pods Manifest.lock";
			outputPaths = (
				"$(DERIVED_FILE_DIR)/Pods-SwiftOTP Mac-checkManifestLockResult.txt",
			);
			runOnlyForDeploymentPostprocessing = 0;
			shellPath = /bin/sh;
			shellScript = "diff \"${PODS_PODFILE_DIR_PATH}/Podfile.lock\" \"${PODS_ROOT}/Manifest.lock\" > /dev/null\nif [ $? != 0 ] ; then\n    # print error to STDERR\n    echo \"error: The sandbox is not in sync with the Podfile.lock. Run 'pod install' or update your CocoaPods installation.\" >&2\n    exit 1\nfi\n# This output is used by Xcode 'outputs' to avoid re-running this script phase.\necho \"SUCCESS\" > \"${SCRIPT_OUTPUT_FILE_0}\"\n";
			showEnvVarsInLog = 0;
		};
/* End PBXShellScriptBuildPhase section */

/* Begin PBXSourcesBuildPhase section */
		0E45380A215774B600B417E4 /* Sources */ = {
			isa = PBXSourcesBuildPhase;
			buildActionMask = 2147483647;
			files = (
				0E45381A2157766000B417E4 /* HOTP.swift in Sources */,
				0E45381C2157766000B417E4 /* Generator.swift in Sources */,
				92CAEF0B22E7090500CC1DAF /* UInt64+Data.swift in Sources */,
				0E45381E2157766500B417E4 /* StringExtension.swift in Sources */,
				0E45381B2157766000B417E4 /* TOTP.swift in Sources */,
				0E45381D2157766500B417E4 /* Base32.swift in Sources */,
				0E4538192157766000B417E4 /* OTPAlgorithm.swift in Sources */,
			);
			runOnlyForDeploymentPostprocessing = 0;
		};
		0E4538202157767B00B417E4 /* Sources */ = {
			isa = PBXSourcesBuildPhase;
			buildActionMask = 2147483647;
			files = (
				0E45383C2157773800B417E4 /* HOTP.swift in Sources */,
				0E45383B2157773800B417E4 /* OTPAlgorithm.swift in Sources */,
				92CAEF0C22E7090500CC1DAF /* UInt64+Data.swift in Sources */,
				0E45383A2157773800B417E4 /* StringExtension.swift in Sources */,
				0E45383E2157773800B417E4 /* Generator.swift in Sources */,
				0E4538392157773800B417E4 /* Base32.swift in Sources */,
				0E45383D2157773800B417E4 /* TOTP.swift in Sources */,
			);
			runOnlyForDeploymentPostprocessing = 0;
		};
		0E45382D2157770F00B417E4 /* Sources */ = {
			isa = PBXSourcesBuildPhase;
			buildActionMask = 2147483647;
			files = (
				0E4538422157773800B417E4 /* HOTP.swift in Sources */,
				0E4538412157773800B417E4 /* OTPAlgorithm.swift in Sources */,
				92CAEF0D22E7090600CC1DAF /* UInt64+Data.swift in Sources */,
				0E4538402157773800B417E4 /* StringExtension.swift in Sources */,
				0E4538442157773800B417E4 /* Generator.swift in Sources */,
				0E45383F2157773800B417E4 /* Base32.swift in Sources */,
				0E4538432157773800B417E4 /* TOTP.swift in Sources */,
			);
			runOnlyForDeploymentPostprocessing = 0;
		};
		0E5B38802008B07900A419CA /* Sources */ = {
			isa = PBXSourcesBuildPhase;
			buildActionMask = 2147483647;
			files = (
				0E5B38D8200ACDBC00A419CA /* StringExtension.swift in Sources */,
				0E5B38A22008BCB200A419CA /* Generator.swift in Sources */,
				0E303A7721A3A742002FB8E0 /* UInt64+Data.swift in Sources */,
				0E5B38A42008BCB200A419CA /* TOTP.swift in Sources */,
				0E5B38D9200ACDBC00A419CA /* Base32.swift in Sources */,
				0E5B38DB200B1B4D00A419CA /* HOTP.swift in Sources */,
				0E5B38A32008BCB200A419CA /* OTPAlgorithm.swift in Sources */,
			);
			runOnlyForDeploymentPostprocessing = 0;
		};
		0E5B388A2008B07900A419CA /* Sources */ = {
			isa = PBXSourcesBuildPhase;
			buildActionMask = 2147483647;
			files = (
				0E5B38DD200B1D3700A419CA /* HOTPTests.swift in Sources */,
				0E5B38DF200B1D4600A419CA /* TOTPTests.swift in Sources */,
				0E5B38A620097BA000A419CA /* GeneratorTests.swift in Sources */,
			);
			runOnlyForDeploymentPostprocessing = 0;
		};
/* End PBXSourcesBuildPhase section */

/* Begin PBXTargetDependency section */
		0E5B38912008B07900A419CA /* PBXTargetDependency */ = {
			isa = PBXTargetDependency;
			target = 0E5B38842008B07900A419CA /* SwiftOTP */;
			targetProxy = 0E5B38902008B07900A419CA /* PBXContainerItemProxy */;
		};
/* End PBXTargetDependency section */

/* Begin XCBuildConfiguration section */
		0E453813215774B600B417E4 /* Debug */ = {
			isa = XCBuildConfiguration;
			baseConfigurationReference = 06B6AE79191723C139875C67 /* Pods-SwiftOTP Mac.debug.xcconfig */;
			buildSettings = {
				APPLICATION_EXTENSION_API_ONLY = NO;
				CLANG_ENABLE_OBJC_WEAK = YES;
				CLANG_WARN_DEPRECATED_OBJC_IMPLEMENTATIONS = YES;
				CLANG_WARN_OBJC_IMPLICIT_RETAIN_SELF = YES;
				COMBINE_HIDPI_IMAGES = YES;
				DEFINES_MODULE = YES;
				DYLIB_COMPATIBILITY_VERSION = 1;
				DYLIB_CURRENT_VERSION = 1;
				DYLIB_INSTALL_NAME_BASE = "@rpath";
				FRAMEWORK_VERSION = A;
				INFOPLIST_FILE = "SwiftOTP Mac/Info.plist";
				INSTALL_PATH = "$(LOCAL_LIBRARY_DIR)/Frameworks";
				LD_RUNPATH_SEARCH_PATHS = "$(inherited) @executable_path/../Frameworks @loader_path/Frameworks";
				MACOSX_DEPLOYMENT_TARGET = 10.11;
				MTL_ENABLE_DEBUG_INFO = INCLUDE_SOURCE;
				MTL_FAST_MATH = YES;
				PRODUCT_BUNDLE_IDENTIFIER = "com.lbell.SwiftOTP-Mac";
				PRODUCT_NAME = SwiftOTP;
				SDKROOT = macosx;
				SKIP_INSTALL = YES;
				SWIFT_VERSION = 5.0;
			};
			name = Debug;
		};
		0E453814215774B600B417E4 /* Release */ = {
			isa = XCBuildConfiguration;
			baseConfigurationReference = 3A64D432841DBC9BAE9195BB /* Pods-SwiftOTP Mac.release.xcconfig */;
			buildSettings = {
				APPLICATION_EXTENSION_API_ONLY = NO;
				CLANG_ENABLE_OBJC_WEAK = YES;
				CLANG_WARN_DEPRECATED_OBJC_IMPLEMENTATIONS = YES;
				CLANG_WARN_OBJC_IMPLICIT_RETAIN_SELF = YES;
				COMBINE_HIDPI_IMAGES = YES;
				DEFINES_MODULE = YES;
				DYLIB_COMPATIBILITY_VERSION = 1;
				DYLIB_CURRENT_VERSION = 1;
				DYLIB_INSTALL_NAME_BASE = "@rpath";
				FRAMEWORK_VERSION = A;
				INFOPLIST_FILE = "SwiftOTP Mac/Info.plist";
				INSTALL_PATH = "$(LOCAL_LIBRARY_DIR)/Frameworks";
				LD_RUNPATH_SEARCH_PATHS = "$(inherited) @executable_path/../Frameworks @loader_path/Frameworks";
				MACOSX_DEPLOYMENT_TARGET = 10.11;
				MTL_FAST_MATH = YES;
				PRODUCT_BUNDLE_IDENTIFIER = "com.lbell.SwiftOTP-Mac";
				PRODUCT_NAME = SwiftOTP;
				SDKROOT = macosx;
				SKIP_INSTALL = YES;
				SWIFT_VERSION = 5.0;
			};
			name = Release;
		};
		0E45382A2157767B00B417E4 /* Debug */ = {
			isa = XCBuildConfiguration;
			baseConfigurationReference = EDA3F0E6BF93D59DE89022D8 /* Pods-SwiftOTP Watch.debug.xcconfig */;
			buildSettings = {
				APPLICATION_EXTENSION_API_ONLY = YES;
				CLANG_ENABLE_OBJC_WEAK = YES;
				CLANG_WARN_DEPRECATED_OBJC_IMPLEMENTATIONS = YES;
				CLANG_WARN_OBJC_IMPLICIT_RETAIN_SELF = YES;
				DEFINES_MODULE = YES;
				DYLIB_COMPATIBILITY_VERSION = 1;
				DYLIB_CURRENT_VERSION = 1;
				DYLIB_INSTALL_NAME_BASE = "@rpath";
				INFOPLIST_FILE = "SwiftOTP Watch/Info.plist";
				INSTALL_PATH = "$(LOCAL_LIBRARY_DIR)/Frameworks";
				LD_RUNPATH_SEARCH_PATHS = "$(inherited) @executable_path/Frameworks @loader_path/Frameworks";
				MTL_ENABLE_DEBUG_INFO = INCLUDE_SOURCE;
				MTL_FAST_MATH = YES;
				PRODUCT_BUNDLE_IDENTIFIER = "com.lbell.SwiftOTP-Watch";
				PRODUCT_NAME = SwiftOTP;
				SDKROOT = watchos;
				SKIP_INSTALL = YES;
				SWIFT_VERSION = 5.0;
				TARGETED_DEVICE_FAMILY = 4;
				WATCHOS_DEPLOYMENT_TARGET = 4.0;
			};
			name = Debug;
		};
		0E45382B2157767B00B417E4 /* Release */ = {
			isa = XCBuildConfiguration;
			baseConfigurationReference = B60412F7533B5AAE032277FC /* Pods-SwiftOTP Watch.release.xcconfig */;
			buildSettings = {
				APPLICATION_EXTENSION_API_ONLY = YES;
				CLANG_ENABLE_OBJC_WEAK = YES;
				CLANG_WARN_DEPRECATED_OBJC_IMPLEMENTATIONS = YES;
				CLANG_WARN_OBJC_IMPLICIT_RETAIN_SELF = YES;
				DEFINES_MODULE = YES;
				DYLIB_COMPATIBILITY_VERSION = 1;
				DYLIB_CURRENT_VERSION = 1;
				DYLIB_INSTALL_NAME_BASE = "@rpath";
				INFOPLIST_FILE = "SwiftOTP Watch/Info.plist";
				INSTALL_PATH = "$(LOCAL_LIBRARY_DIR)/Frameworks";
				LD_RUNPATH_SEARCH_PATHS = "$(inherited) @executable_path/Frameworks @loader_path/Frameworks";
				MTL_FAST_MATH = YES;
				PRODUCT_BUNDLE_IDENTIFIER = "com.lbell.SwiftOTP-Watch";
				PRODUCT_NAME = SwiftOTP;
				SDKROOT = watchos;
				SKIP_INSTALL = YES;
				SWIFT_VERSION = 5.0;
				TARGETED_DEVICE_FAMILY = 4;
				WATCHOS_DEPLOYMENT_TARGET = 4.0;
			};
			name = Release;
		};
		0E4538372157770F00B417E4 /* Debug */ = {
			isa = XCBuildConfiguration;
			baseConfigurationReference = 21FB0F51DC02039906CB5ACF /* Pods-SwiftOTP TV.debug.xcconfig */;
			buildSettings = {
				CLANG_ENABLE_OBJC_WEAK = YES;
				CLANG_WARN_DEPRECATED_OBJC_IMPLEMENTATIONS = YES;
				CLANG_WARN_OBJC_IMPLICIT_RETAIN_SELF = YES;
				DEFINES_MODULE = YES;
				DYLIB_COMPATIBILITY_VERSION = 1;
				DYLIB_CURRENT_VERSION = 1;
				DYLIB_INSTALL_NAME_BASE = "@rpath";
				INFOPLIST_FILE = "SwiftOTP TV/Info.plist";
				INSTALL_PATH = "$(LOCAL_LIBRARY_DIR)/Frameworks";
				LD_RUNPATH_SEARCH_PATHS = "$(inherited) @executable_path/Frameworks @loader_path/Frameworks";
				MTL_ENABLE_DEBUG_INFO = INCLUDE_SOURCE;
				MTL_FAST_MATH = YES;
				PRODUCT_BUNDLE_IDENTIFIER = "com.lbell.SwiftOTP-TV";
				PRODUCT_NAME = SwiftOTP;
				SDKROOT = appletvos;
				SKIP_INSTALL = YES;
				SWIFT_VERSION = 5.0;
				TARGETED_DEVICE_FAMILY = 3;
				TVOS_DEPLOYMENT_TARGET = 9.0;
			};
			name = Debug;
		};
		0E4538382157770F00B417E4 /* Release */ = {
			isa = XCBuildConfiguration;
			baseConfigurationReference = 27FC0FDCC158142A6DE70DB6 /* Pods-SwiftOTP TV.release.xcconfig */;
			buildSettings = {
				CLANG_ENABLE_OBJC_WEAK = YES;
				CLANG_WARN_DEPRECATED_OBJC_IMPLEMENTATIONS = YES;
				CLANG_WARN_OBJC_IMPLICIT_RETAIN_SELF = YES;
				DEFINES_MODULE = YES;
				DYLIB_COMPATIBILITY_VERSION = 1;
				DYLIB_CURRENT_VERSION = 1;
				DYLIB_INSTALL_NAME_BASE = "@rpath";
				INFOPLIST_FILE = "SwiftOTP TV/Info.plist";
				INSTALL_PATH = "$(LOCAL_LIBRARY_DIR)/Frameworks";
				LD_RUNPATH_SEARCH_PATHS = "$(inherited) @executable_path/Frameworks @loader_path/Frameworks";
				MTL_FAST_MATH = YES;
				PRODUCT_BUNDLE_IDENTIFIER = "com.lbell.SwiftOTP-TV";
				PRODUCT_NAME = SwiftOTP;
				SDKROOT = appletvos;
				SKIP_INSTALL = YES;
				SWIFT_VERSION = 5.0;
				TARGETED_DEVICE_FAMILY = 3;
				TVOS_DEPLOYMENT_TARGET = 9.0;
			};
			name = Release;
		};
		0E5B38972008B07900A419CA /* Debug */ = {
			isa = XCBuildConfiguration;
			buildSettings = {
				CLANG_ANALYZER_NONNULL = YES;
				CLANG_ANALYZER_NUMBER_OBJECT_CONVERSION = YES_AGGRESSIVE;
				CLANG_CXX_LANGUAGE_STANDARD = "gnu++14";
				CLANG_CXX_LIBRARY = "libc++";
				CLANG_ENABLE_MODULES = YES;
				CLANG_ENABLE_OBJC_ARC = YES;
				CLANG_WARN_BLOCK_CAPTURE_AUTORELEASING = YES;
				CLANG_WARN_BOOL_CONVERSION = YES;
				CLANG_WARN_COMMA = YES;
				CLANG_WARN_CONSTANT_CONVERSION = YES;
				CLANG_WARN_DEPRECATED_OBJC_IMPLEMENTATIONS = YES;
				CLANG_WARN_DIRECT_OBJC_ISA_USAGE = YES_ERROR;
				CLANG_WARN_DOCUMENTATION_COMMENTS = YES;
				CLANG_WARN_EMPTY_BODY = YES;
				CLANG_WARN_ENUM_CONVERSION = YES;
				CLANG_WARN_INT_CONVERSION = YES;
				CLANG_WARN_NON_LITERAL_NULL_CONVERSION = YES;
				CLANG_WARN_OBJC_IMPLICIT_RETAIN_SELF = YES;
				CLANG_WARN_OBJC_LITERAL_CONVERSION = YES;
				CLANG_WARN_OBJC_ROOT_CLASS = YES_ERROR;
				CLANG_WARN_RANGE_LOOP_ANALYSIS = YES;
				CLANG_WARN_STRICT_PROTOTYPES = YES;
				CLANG_WARN_SUSPICIOUS_MOVE = YES;
				CLANG_WARN_UNGUARDED_AVAILABILITY = YES_AGGRESSIVE;
				CLANG_WARN_UNREACHABLE_CODE = YES;
				CLANG_WARN__DUPLICATE_METHOD_MATCH = YES;
				COPY_PHASE_STRIP = NO;
				CURRENT_PROJECT_VERSION = 1;
				DEBUG_INFORMATION_FORMAT = dwarf;
				ENABLE_STRICT_OBJC_MSGSEND = YES;
				ENABLE_TESTABILITY = YES;
				GCC_C_LANGUAGE_STANDARD = gnu11;
				GCC_DYNAMIC_NO_PIC = NO;
				GCC_NO_COMMON_BLOCKS = YES;
				GCC_OPTIMIZATION_LEVEL = 0;
				GCC_PREPROCESSOR_DEFINITIONS = (
					"DEBUG=1",
					"$(inherited)",
				);
				GCC_WARN_64_TO_32_BIT_CONVERSION = YES;
				GCC_WARN_ABOUT_RETURN_TYPE = YES_ERROR;
				GCC_WARN_UNDECLARED_SELECTOR = YES;
				GCC_WARN_UNINITIALIZED_AUTOS = YES_AGGRESSIVE;
				GCC_WARN_UNUSED_FUNCTION = YES;
				GCC_WARN_UNUSED_VARIABLE = YES;
				MTL_ENABLE_DEBUG_INFO = YES;
				ONLY_ACTIVE_ARCH = YES;
				SDKROOT = iphoneos;
				SWIFT_ACTIVE_COMPILATION_CONDITIONS = DEBUG;
				SWIFT_OPTIMIZATION_LEVEL = "-Onone";
				VERSIONING_SYSTEM = "apple-generic";
			};
			name = Debug;
		};
		0E5B38982008B07900A419CA /* Release */ = {
			isa = XCBuildConfiguration;
			buildSettings = {
				CLANG_ANALYZER_NONNULL = YES;
				CLANG_ANALYZER_NUMBER_OBJECT_CONVERSION = YES_AGGRESSIVE;
				CLANG_CXX_LANGUAGE_STANDARD = "gnu++14";
				CLANG_CXX_LIBRARY = "libc++";
				CLANG_ENABLE_MODULES = YES;
				CLANG_ENABLE_OBJC_ARC = YES;
				CLANG_WARN_BLOCK_CAPTURE_AUTORELEASING = YES;
				CLANG_WARN_BOOL_CONVERSION = YES;
				CLANG_WARN_COMMA = YES;
				CLANG_WARN_CONSTANT_CONVERSION = YES;
				CLANG_WARN_DIRECT_OBJC_ISA_USAGE = YES_ERROR;
				CLANG_WARN_DOCUMENTATION_COMMENTS = YES;
				CLANG_WARN_EMPTY_BODY = YES;
				CLANG_WARN_ENUM_CONVERSION = YES;
				CLANG_WARN_INT_CONVERSION = YES;
				CLANG_WARN_NON_LITERAL_NULL_CONVERSION = YES;
				CLANG_WARN_OBJC_LITERAL_CONVERSION = YES;
				CLANG_WARN_OBJC_ROOT_CLASS = YES_ERROR;
				CLANG_WARN_RANGE_LOOP_ANALYSIS = YES;
				CLANG_WARN_STRICT_PROTOTYPES = YES;
				CLANG_WARN_SUSPICIOUS_MOVE = YES;
				CLANG_WARN_UNGUARDED_AVAILABILITY = YES_AGGRESSIVE;
				CLANG_WARN_UNREACHABLE_CODE = YES;
				CLANG_WARN__DUPLICATE_METHOD_MATCH = YES;
				COPY_PHASE_STRIP = NO;
				CURRENT_PROJECT_VERSION = 1;
				DEBUG_INFORMATION_FORMAT = "dwarf-with-dsym";
				ENABLE_NS_ASSERTIONS = NO;
				ENABLE_STRICT_OBJC_MSGSEND = YES;
				GCC_C_LANGUAGE_STANDARD = gnu11;
				GCC_NO_COMMON_BLOCKS = YES;
				GCC_WARN_64_TO_32_BIT_CONVERSION = YES;
				GCC_WARN_ABOUT_RETURN_TYPE = YES_ERROR;
				GCC_WARN_UNDECLARED_SELECTOR = YES;
				GCC_WARN_UNINITIALIZED_AUTOS = YES_AGGRESSIVE;
				GCC_WARN_UNUSED_FUNCTION = YES;
				GCC_WARN_UNUSED_VARIABLE = YES;
				MTL_ENABLE_DEBUG_INFO = NO;
				SDKROOT = iphoneos;
				SWIFT_OPTIMIZATION_LEVEL = "-Owholemodule";
				VALIDATE_PRODUCT = YES;
				VERSIONING_SYSTEM = "apple-generic";
			};
			name = Release;
		};
		0E5B389A2008B07900A419CA /* Debug */ = {
			isa = XCBuildConfiguration;
			baseConfigurationReference = 9CA72805763F06BF93431E28 /* Pods-SwiftOTP.debug.xcconfig */;
			buildSettings = {
				CLANG_ENABLE_MODULES = YES;
				CLANG_WARN_DEPRECATED_OBJC_IMPLEMENTATIONS = YES;
				DEFINES_MODULE = YES;
				DYLIB_COMPATIBILITY_VERSION = 1;
				DYLIB_CURRENT_VERSION = 1;
				DYLIB_INSTALL_NAME_BASE = "@rpath";
				INFOPLIST_FILE = SwiftOTP/Info.plist;
				INSTALL_PATH = "$(LOCAL_LIBRARY_DIR)/Frameworks";
				IPHONEOS_DEPLOYMENT_TARGET = 9.0;
				LD_RUNPATH_SEARCH_PATHS = "$(inherited) @executable_path/Frameworks @loader_path/Frameworks";
				PRODUCT_BUNDLE_IDENTIFIER = com.lbell.SwiftOTP;
				PRODUCT_NAME = "$(TARGET_NAME:c99extidentifier)";
				SKIP_INSTALL = YES;
				SWIFT_OPTIMIZATION_LEVEL = "-Onone";
				SWIFT_VERSION = 5.0;
				TARGETED_DEVICE_FAMILY = "1,2";
			};
			name = Debug;
		};
		0E5B389B2008B07900A419CA /* Release */ = {
			isa = XCBuildConfiguration;
			baseConfigurationReference = 1F4BAF68BFD4A274DB50BF2D /* Pods-SwiftOTP.release.xcconfig */;
			buildSettings = {
				CLANG_ENABLE_MODULES = YES;
				CLANG_WARN_DEPRECATED_OBJC_IMPLEMENTATIONS = YES;
				DEFINES_MODULE = YES;
				DYLIB_COMPATIBILITY_VERSION = 1;
				DYLIB_CURRENT_VERSION = 1;
				DYLIB_INSTALL_NAME_BASE = "@rpath";
				INFOPLIST_FILE = SwiftOTP/Info.plist;
				INSTALL_PATH = "$(LOCAL_LIBRARY_DIR)/Frameworks";
				IPHONEOS_DEPLOYMENT_TARGET = 9.0;
				LD_RUNPATH_SEARCH_PATHS = "$(inherited) @executable_path/Frameworks @loader_path/Frameworks";
				PRODUCT_BUNDLE_IDENTIFIER = com.lbell.SwiftOTP;
				PRODUCT_NAME = "$(TARGET_NAME:c99extidentifier)";
				SKIP_INSTALL = YES;
				SWIFT_VERSION = 5.0;
				TARGETED_DEVICE_FAMILY = "1,2";
			};
			name = Release;
		};
		0E5B389D2008B07900A419CA /* Debug */ = {
			isa = XCBuildConfiguration;
			baseConfigurationReference = 9AA5BAD27E10DC83E320BB4B /* Pods-SwiftOTPTests.debug.xcconfig */;
			buildSettings = {
				INFOPLIST_FILE = SwiftOTPTests/Info.plist;
				LD_RUNPATH_SEARCH_PATHS = "$(inherited) @executable_path/Frameworks @loader_path/Frameworks";
				PRODUCT_BUNDLE_IDENTIFIER = com.lbell.SwiftOTPTests;
				PRODUCT_NAME = "$(TARGET_NAME)";
				SWIFT_VERSION = 5.0;
				TARGETED_DEVICE_FAMILY = "1,2";
			};
			name = Debug;
		};
		0E5B389E2008B07900A419CA /* Release */ = {
			isa = XCBuildConfiguration;
			baseConfigurationReference = D244CB2C17FEF3BCA1E61190 /* Pods-SwiftOTPTests.release.xcconfig */;
			buildSettings = {
				INFOPLIST_FILE = SwiftOTPTests/Info.plist;
				LD_RUNPATH_SEARCH_PATHS = "$(inherited) @executable_path/Frameworks @loader_path/Frameworks";
				PRODUCT_BUNDLE_IDENTIFIER = com.lbell.SwiftOTPTests;
				PRODUCT_NAME = "$(TARGET_NAME)";
				SWIFT_VERSION = 5.0;
				TARGETED_DEVICE_FAMILY = "1,2";
			};
			name = Release;
		};
/* End XCBuildConfiguration section */

/* Begin XCConfigurationList section */
		0E453815215774B600B417E4 /* Build configuration list for PBXNativeTarget "SwiftOTP Mac" */ = {
			isa = XCConfigurationList;
			buildConfigurations = (
				0E453813215774B600B417E4 /* Debug */,
				0E453814215774B600B417E4 /* Release */,
			);
			defaultConfigurationIsVisible = 0;
			defaultConfigurationName = Release;
		};
		0E4538292157767B00B417E4 /* Build configuration list for PBXNativeTarget "SwiftOTP Watch" */ = {
			isa = XCConfigurationList;
			buildConfigurations = (
				0E45382A2157767B00B417E4 /* Debug */,
				0E45382B2157767B00B417E4 /* Release */,
			);
			defaultConfigurationIsVisible = 0;
			defaultConfigurationName = Release;
		};
		0E4538362157770F00B417E4 /* Build configuration list for PBXNativeTarget "SwiftOTP TV" */ = {
			isa = XCConfigurationList;
			buildConfigurations = (
				0E4538372157770F00B417E4 /* Debug */,
				0E4538382157770F00B417E4 /* Release */,
			);
			defaultConfigurationIsVisible = 0;
			defaultConfigurationName = Release;
		};
		0E5B387F2008B07900A419CA /* Build configuration list for PBXProject "SwiftOTP" */ = {
			isa = XCConfigurationList;
			buildConfigurations = (
				0E5B38972008B07900A419CA /* Debug */,
				0E5B38982008B07900A419CA /* Release */,
			);
			defaultConfigurationIsVisible = 0;
			defaultConfigurationName = Release;
		};
		0E5B38992008B07900A419CA /* Build configuration list for PBXNativeTarget "SwiftOTP" */ = {
			isa = XCConfigurationList;
			buildConfigurations = (
				0E5B389A2008B07900A419CA /* Debug */,
				0E5B389B2008B07900A419CA /* Release */,
			);
			defaultConfigurationIsVisible = 0;
			defaultConfigurationName = Release;
		};
		0E5B389C2008B07900A419CA /* Build configuration list for PBXNativeTarget "SwiftOTPTests" */ = {
			isa = XCConfigurationList;
			buildConfigurations = (
				0E5B389D2008B07900A419CA /* Debug */,
				0E5B389E2008B07900A419CA /* Release */,
			);
			defaultConfigurationIsVisible = 0;
			defaultConfigurationName = Release;
		};
/* End XCConfigurationList section */
	};
	rootObject = 0E5B387C2008B07900A419CA /* Project object */;
}
