// !$*UTF8*$!
{
	archiveVersion = 1;
	classes = {
	};
	objectVersion = 48;
	objects = {

/* Begin PBXBuildFile section */
		0E2A126225D15D670014486C /* Data+Utilities.swift in Sources */ = {isa = PBXBuildFile; fileRef = 0E08134F25D15D3700D2DE21 /* Data+Utilities.swift */; };
		0E2A126825D15D670014486C /* Data+Utilities.swift in Sources */ = {isa = PBXBuildFile; fileRef = 0E08134F25D15D3700D2DE21 /* Data+Utilities.swift */; };
		0E2A126925D15D670014486C /* Data+Utilities.swift in Sources */ = {isa = PBXBuildFile; fileRef = 0E08134F25D15D3700D2DE21 /* Data+Utilities.swift */; };
		0E2A126A25D15D680014486C /* Data+Utilities.swift in Sources */ = {isa = PBXBuildFile; fileRef = 0E08134F25D15D3700D2DE21 /* Data+Utilities.swift */; };
		0E303A7721A3A742002FB8E0 /* UInt64+Data.swift in Sources */ = {isa = PBXBuildFile; fileRef = 0E303A7621A3A742002FB8E0 /* UInt64+Data.swift */; };
		0E453812215774B600B417E4 /* SwiftOTP_Mac.h in Headers */ = {isa = PBXBuildFile; fileRef = 0E453810215774B600B417E4 /* SwiftOTP_Mac.h */; settings = {ATTRIBUTES = (Public, ); }; };
		0E4538192157766000B417E4 /* OTPAlgorithm.swift in Sources */ = {isa = PBXBuildFile; fileRef = 0E5B38A02008BCB200A419CA /* OTPAlgorithm.swift */; };
		0E45381A2157766000B417E4 /* HOTP.swift in Sources */ = {isa = PBXBuildFile; fileRef = 0E5B38DA200B1B4D00A419CA /* HOTP.swift */; };
		0E45381B2157766000B417E4 /* TOTP.swift in Sources */ = {isa = PBXBuildFile; fileRef = 0E5B38A12008BCB200A419CA /* TOTP.swift */; };
		0E45381C2157766000B417E4 /* Generator.swift in Sources */ = {isa = PBXBuildFile; fileRef = 0E5B389F2008BCB200A419CA /* Generator.swift */; };
		0E45381D2157766500B417E4 /* Base32.swift in Sources */ = {isa = PBXBuildFile; fileRef = 0E5B38D7200ACDBC00A419CA /* Base32.swift */; };
		0E45381E2157766500B417E4 /* StringExtension.swift in Sources */ = {isa = PBXBuildFile; fileRef = 0E5B38D6200ACDBC00A419CA /* StringExtension.swift */; };
		0E4538282157767B00B417E4 /* SwiftOTP_Watch.h in Headers */ = {isa = PBXBuildFile; fileRef = 0E4538262157767B00B417E4 /* SwiftOTP_Watch.h */; settings = {ATTRIBUTES = (Public, ); }; };
		0E4538352157770F00B417E4 /* SwiftOTP_TV.h in Headers */ = {isa = PBXBuildFile; fileRef = 0E4538332157770F00B417E4 /* SwiftOTP_TV.h */; settings = {ATTRIBUTES = (Public, ); }; };
		0E4538392157773800B417E4 /* Base32.swift in Sources */ = {isa = PBXBuildFile; fileRef = 0E5B38D7200ACDBC00A419CA /* Base32.swift */; };
		0E45383A2157773800B417E4 /* StringExtension.swift in Sources */ = {isa = PBXBuildFile; fileRef = 0E5B38D6200ACDBC00A419CA /* StringExtension.swift */; };
		0E45383B2157773800B417E4 /* OTPAlgorithm.swift in Sources */ = {isa = PBXBuildFile; fileRef = 0E5B38A02008BCB200A419CA /* OTPAlgorithm.swift */; };
		0E45383C2157773800B417E4 /* HOTP.swift in Sources */ = {isa = PBXBuildFile; fileRef = 0E5B38DA200B1B4D00A419CA /* HOTP.swift */; };
		0E45383D2157773800B417E4 /* TOTP.swift in Sources */ = {isa = PBXBuildFile; fileRef = 0E5B38A12008BCB200A419CA /* TOTP.swift */; };
		0E45383E2157773800B417E4 /* Generator.swift in Sources */ = {isa = PBXBuildFile; fileRef = 0E5B389F2008BCB200A419CA /* Generator.swift */; };
		0E45383F2157773800B417E4 /* Base32.swift in Sources */ = {isa = PBXBuildFile; fileRef = 0E5B38D7200ACDBC00A419CA /* Base32.swift */; };
		0E4538402157773800B417E4 /* StringExtension.swift in Sources */ = {isa = PBXBuildFile; fileRef = 0E5B38D6200ACDBC00A419CA /* StringExtension.swift */; };
		0E4538412157773800B417E4 /* OTPAlgorithm.swift in Sources */ = {isa = PBXBuildFile; fileRef = 0E5B38A02008BCB200A419CA /* OTPAlgorithm.swift */; };
		0E4538422157773800B417E4 /* HOTP.swift in Sources */ = {isa = PBXBuildFile; fileRef = 0E5B38DA200B1B4D00A419CA /* HOTP.swift */; };
		0E4538432157773800B417E4 /* TOTP.swift in Sources */ = {isa = PBXBuildFile; fileRef = 0E5B38A12008BCB200A419CA /* TOTP.swift */; };
		0E4538442157773800B417E4 /* Generator.swift in Sources */ = {isa = PBXBuildFile; fileRef = 0E5B389F2008BCB200A419CA /* Generator.swift */; };
		0E5B388F2008B07900A419CA /* SwiftOTP.framework in Frameworks */ = {isa = PBXBuildFile; fileRef = 0E5B38852008B07900A419CA /* SwiftOTP.framework */; };
		0E5B38962008B07900A419CA /* SwiftOTP.h in Headers */ = {isa = PBXBuildFile; fileRef = 0E5B38882008B07900A419CA /* SwiftOTP.h */; settings = {ATTRIBUTES = (Public, ); }; };
		0E5B38A22008BCB200A419CA /* Generator.swift in Sources */ = {isa = PBXBuildFile; fileRef = 0E5B389F2008BCB200A419CA /* Generator.swift */; };
		0E5B38A32008BCB200A419CA /* OTPAlgorithm.swift in Sources */ = {isa = PBXBuildFile; fileRef = 0E5B38A02008BCB200A419CA /* OTPAlgorithm.swift */; };
		0E5B38A42008BCB200A419CA /* TOTP.swift in Sources */ = {isa = PBXBuildFile; fileRef = 0E5B38A12008BCB200A419CA /* TOTP.swift */; };
		0E5B38A620097BA000A419CA /* GeneratorTests.swift in Sources */ = {isa = PBXBuildFile; fileRef = 0E5B38A520097BA000A419CA /* GeneratorTests.swift */; };
		0E5B38D8200ACDBC00A419CA /* StringExtension.swift in Sources */ = {isa = PBXBuildFile; fileRef = 0E5B38D6200ACDBC00A419CA /* StringExtension.swift */; };
		0E5B38D9200ACDBC00A419CA /* Base32.swift in Sources */ = {isa = PBXBuildFile; fileRef = 0E5B38D7200ACDBC00A419CA /* Base32.swift */; };
		0E5B38DB200B1B4D00A419CA /* HOTP.swift in Sources */ = {isa = PBXBuildFile; fileRef = 0E5B38DA200B1B4D00A419CA /* HOTP.swift */; };
		0E5B38DD200B1D3700A419CA /* HOTPTests.swift in Sources */ = {isa = PBXBuildFile; fileRef = 0E5B38DC200B1D3700A419CA /* HOTPTests.swift */; };
		0E5B38DF200B1D4600A419CA /* TOTPTests.swift in Sources */ = {isa = PBXBuildFile; fileRef = 0E5B38DE200B1D4600A419CA /* TOTPTests.swift */; };
		C19F90C52B738C1700E4E7DA /* Error.swift in Sources */ = {isa = PBXBuildFile; fileRef = C19F90C42B738C1700E4E7DA /* Error.swift */; };
		C19F90C62B738C1700E4E7DA /* Error.swift in Sources */ = {isa = PBXBuildFile; fileRef = C19F90C42B738C1700E4E7DA /* Error.swift */; };
		C19F90C72B738C1700E4E7DA /* Error.swift in Sources */ = {isa = PBXBuildFile; fileRef = C19F90C42B738C1700E4E7DA /* Error.swift */; };
		C19F90C82B738C1700E4E7DA /* Error.swift in Sources */ = {isa = PBXBuildFile; fileRef = C19F90C42B738C1700E4E7DA /* Error.swift */; };
		FC338DB625460E4300F5871E /* UInt64+Data.swift in Sources */ = {isa = PBXBuildFile; fileRef = 0E303A7621A3A742002FB8E0 /* UInt64+Data.swift */; };
		FC338DB725460E4400F5871E /* UInt64+Data.swift in Sources */ = {isa = PBXBuildFile; fileRef = 0E303A7621A3A742002FB8E0 /* UInt64+Data.swift */; };
		FC338DB825460E4500F5871E /* UInt64+Data.swift in Sources */ = {isa = PBXBuildFile; fileRef = 0E303A7621A3A742002FB8E0 /* UInt64+Data.swift */; };
/* End PBXBuildFile section */

/* Begin PBXContainerItemProxy section */
		FC338DBD2546114500F5871E /* PBXContainerItemProxy */ = {
			isa = PBXContainerItemProxy;
			containerPortal = 0E5B387C2008B07900A419CA /* Project object */;
			proxyType = 1;
			remoteGlobalIDString = 0E5B38842008B07900A419CA;
			remoteInfo = "SwiftOTP-iOS";
		};
/* End PBXContainerItemProxy section */

/* Begin PBXFileReference section */
		0E08134F25D15D3700D2DE21 /* Data+Utilities.swift */ = {isa = PBXFileReference; lastKnownFileType = sourcecode.swift; path = "Data+Utilities.swift"; sourceTree = "<group>"; };
		0E303A7621A3A742002FB8E0 /* UInt64+Data.swift */ = {isa = PBXFileReference; lastKnownFileType = sourcecode.swift; path = "UInt64+Data.swift"; sourceTree = "<group>"; };
		0E45380E215774B600B417E4 /* SwiftOTP.framework */ = {isa = PBXFileReference; explicitFileType = wrapper.framework; includeInIndex = 0; path = SwiftOTP.framework; sourceTree = BUILT_PRODUCTS_DIR; };
		0E453810215774B600B417E4 /* SwiftOTP_Mac.h */ = {isa = PBXFileReference; lastKnownFileType = sourcecode.c.h; path = SwiftOTP_Mac.h; sourceTree = "<group>"; };
		0E453811215774B600B417E4 /* Info.plist */ = {isa = PBXFileReference; lastKnownFileType = text.plist.xml; path = Info.plist; sourceTree = "<group>"; };
		0E4538242157767B00B417E4 /* SwiftOTP.framework */ = {isa = PBXFileReference; explicitFileType = wrapper.framework; includeInIndex = 0; path = SwiftOTP.framework; sourceTree = BUILT_PRODUCTS_DIR; };
		0E4538262157767B00B417E4 /* SwiftOTP_Watch.h */ = {isa = PBXFileReference; lastKnownFileType = sourcecode.c.h; path = SwiftOTP_Watch.h; sourceTree = "<group>"; };
		0E4538272157767B00B417E4 /* Info.plist */ = {isa = PBXFileReference; lastKnownFileType = text.plist.xml; path = Info.plist; sourceTree = "<group>"; };
		0E4538312157770F00B417E4 /* SwiftOTP.framework */ = {isa = PBXFileReference; explicitFileType = wrapper.framework; includeInIndex = 0; path = SwiftOTP.framework; sourceTree = BUILT_PRODUCTS_DIR; };
		0E4538332157770F00B417E4 /* SwiftOTP_TV.h */ = {isa = PBXFileReference; lastKnownFileType = sourcecode.c.h; path = SwiftOTP_TV.h; sourceTree = "<group>"; };
		0E4538342157770F00B417E4 /* Info.plist */ = {isa = PBXFileReference; lastKnownFileType = text.plist.xml; path = Info.plist; sourceTree = "<group>"; };
		0E5B38852008B07900A419CA /* SwiftOTP.framework */ = {isa = PBXFileReference; explicitFileType = wrapper.framework; includeInIndex = 0; path = SwiftOTP.framework; sourceTree = BUILT_PRODUCTS_DIR; };
		0E5B38882008B07900A419CA /* SwiftOTP.h */ = {isa = PBXFileReference; lastKnownFileType = sourcecode.c.h; path = SwiftOTP.h; sourceTree = "<group>"; };
		0E5B38892008B07900A419CA /* Info.plist */ = {isa = PBXFileReference; lastKnownFileType = text.plist.xml; path = Info.plist; sourceTree = "<group>"; };
		0E5B388E2008B07900A419CA /* SwiftOTPTests.xctest */ = {isa = PBXFileReference; explicitFileType = wrapper.cfbundle; includeInIndex = 0; path = SwiftOTPTests.xctest; sourceTree = BUILT_PRODUCTS_DIR; };
		0E5B38952008B07900A419CA /* Info.plist */ = {isa = PBXFileReference; lastKnownFileType = text.plist.xml; path = Info.plist; sourceTree = "<group>"; };
		0E5B389F2008BCB200A419CA /* Generator.swift */ = {isa = PBXFileReference; fileEncoding = 4; lastKnownFileType = sourcecode.swift; path = Generator.swift; sourceTree = "<group>"; };
		0E5B38A02008BCB200A419CA /* OTPAlgorithm.swift */ = {isa = PBXFileReference; fileEncoding = 4; lastKnownFileType = sourcecode.swift; path = OTPAlgorithm.swift; sourceTree = "<group>"; };
		0E5B38A12008BCB200A419CA /* TOTP.swift */ = {isa = PBXFileReference; fileEncoding = 4; lastKnownFileType = sourcecode.swift; path = TOTP.swift; sourceTree = "<group>"; };
		0E5B38A520097BA000A419CA /* GeneratorTests.swift */ = {isa = PBXFileReference; lastKnownFileType = sourcecode.swift; path = GeneratorTests.swift; sourceTree = "<group>"; };
		0E5B38D6200ACDBC00A419CA /* StringExtension.swift */ = {isa = PBXFileReference; fileEncoding = 4; lastKnownFileType = sourcecode.swift; path = StringExtension.swift; sourceTree = "<group>"; };
		0E5B38D7200ACDBC00A419CA /* Base32.swift */ = {isa = PBXFileReference; fileEncoding = 4; lastKnownFileType = sourcecode.swift; path = Base32.swift; sourceTree = "<group>"; };
		0E5B38DA200B1B4D00A419CA /* HOTP.swift */ = {isa = PBXFileReference; lastKnownFileType = sourcecode.swift; path = HOTP.swift; sourceTree = "<group>"; };
		0E5B38DC200B1D3700A419CA /* HOTPTests.swift */ = {isa = PBXFileReference; lastKnownFileType = sourcecode.swift; path = HOTPTests.swift; sourceTree = "<group>"; };
		0E5B38DE200B1D4600A419CA /* TOTPTests.swift */ = {isa = PBXFileReference; lastKnownFileType = sourcecode.swift; path = TOTPTests.swift; sourceTree = "<group>"; };
		C19F90C42B738C1700E4E7DA /* Error.swift */ = {isa = PBXFileReference; lastKnownFileType = sourcecode.swift; path = Error.swift; sourceTree = "<group>"; };
		FC338DB025460B7300F5871E /* CryptoSwift.framework */ = {isa = PBXFileReference; lastKnownFileType = wrapper.framework; name = CryptoSwift.framework; path = Carthage/Build/iOS/CryptoSwift.framework; sourceTree = "<group>"; };
		FC338DB225460DD000F5871E /* CryptoSwift.framework */ = {isa = PBXFileReference; lastKnownFileType = wrapper.framework; name = CryptoSwift.framework; path = Carthage/Build/Mac/CryptoSwift.framework; sourceTree = "<group>"; };
		FC338DB425460DFB00F5871E /* CryptoSwift.framework */ = {isa = PBXFileReference; lastKnownFileType = wrapper.framework; name = CryptoSwift.framework; path = Carthage/Build/watchOS/CryptoSwift.framework; sourceTree = "<group>"; };
		FC338DB925460E6700F5871E /* CryptoSwift.framework */ = {isa = PBXFileReference; lastKnownFileType = wrapper.framework; name = CryptoSwift.framework; path = Carthage/Build/tvOS/CryptoSwift.framework; sourceTree = "<group>"; };
/* End PBXFileReference section */

/* Begin PBXFrameworksBuildPhase section */
		0E45380B215774B600B417E4 /* Frameworks */ = {
			isa = PBXFrameworksBuildPhase;
			buildActionMask = 2147483647;
			files = (
			);
			runOnlyForDeploymentPostprocessing = 0;
		};
		0E4538212157767B00B417E4 /* Frameworks */ = {
			isa = PBXFrameworksBuildPhase;
			buildActionMask = 2147483647;
			files = (
			);
			runOnlyForDeploymentPostprocessing = 0;
		};
		0E45382E2157770F00B417E4 /* Frameworks */ = {
			isa = PBXFrameworksBuildPhase;
			buildActionMask = 2147483647;
			files = (
			);
			runOnlyForDeploymentPostprocessing = 0;
		};
		0E5B38812008B07900A419CA /* Frameworks */ = {
			isa = PBXFrameworksBuildPhase;
			buildActionMask = 2147483647;
			files = (
			);
			runOnlyForDeploymentPostprocessing = 0;
		};
		0E5B388B2008B07900A419CA /* Frameworks */ = {
			isa = PBXFrameworksBuildPhase;
			buildActionMask = 2147483647;
			files = (
				0E5B388F2008B07900A419CA /* SwiftOTP.framework in Frameworks */,
			);
			runOnlyForDeploymentPostprocessing = 0;
		};
/* End PBXFrameworksBuildPhase section */

/* Begin PBXGroup section */
		0E45380F215774B600B417E4 /* SwiftOTP Mac */ = {
			isa = PBXGroup;
			children = (
				0E453810215774B600B417E4 /* SwiftOTP_Mac.h */,
				0E453811215774B600B417E4 /* Info.plist */,
			);
			path = "SwiftOTP Mac";
			sourceTree = "<group>";
		};
		0E4538252157767B00B417E4 /* SwiftOTP Watch */ = {
			isa = PBXGroup;
			children = (
				0E4538262157767B00B417E4 /* SwiftOTP_Watch.h */,
				0E4538272157767B00B417E4 /* Info.plist */,
			);
			path = "SwiftOTP Watch";
			sourceTree = "<group>";
		};
		0E4538322157770F00B417E4 /* SwiftOTP TV */ = {
			isa = PBXGroup;
			children = (
				0E4538332157770F00B417E4 /* SwiftOTP_TV.h */,
				0E4538342157770F00B417E4 /* Info.plist */,
			);
			path = "SwiftOTP TV";
			sourceTree = "<group>";
		};
		0E5B387B2008B07900A419CA = {
			isa = PBXGroup;
			children = (
				0E5B38872008B07900A419CA /* SwiftOTP */,
				0E5B38922008B07900A419CA /* SwiftOTPTests */,
				0E45380F215774B600B417E4 /* SwiftOTP Mac */,
				0E4538252157767B00B417E4 /* SwiftOTP Watch */,
				0E4538322157770F00B417E4 /* SwiftOTP TV */,
				FC338DAF25460B7300F5871E /* Frameworks */,
			);
			sourceTree = "<group>";
			usesTabs = 1;
		};
		0E5B38862008B07900A419CA /* Products */ = {
			isa = PBXGroup;
			children = (
				0E5B38852008B07900A419CA /* SwiftOTP.framework */,
				0E5B388E2008B07900A419CA /* SwiftOTPTests.xctest */,
				0E45380E215774B600B417E4 /* SwiftOTP.framework */,
				0E4538242157767B00B417E4 /* SwiftOTP.framework */,
				0E4538312157770F00B417E4 /* SwiftOTP.framework */,
			);
			name = Products;
			path = ..;
			sourceTree = "<group>";
		};
		0E5B38872008B07900A419CA /* SwiftOTP */ = {
			isa = PBXGroup;
			children = (
				0E5B38D5200ACD2000A419CA /* Base32 */,
				C19F90C42B738C1700E4E7DA /* Error.swift */,
				0E5B38A02008BCB200A419CA /* OTPAlgorithm.swift */,
				0E5B38DA200B1B4D00A419CA /* HOTP.swift */,
				0E5B38A12008BCB200A419CA /* TOTP.swift */,
				0E5B389F2008BCB200A419CA /* Generator.swift */,
				0E303A7621A3A742002FB8E0 /* UInt64+Data.swift */,
				0E5B38882008B07900A419CA /* SwiftOTP.h */,
				0E5B38892008B07900A419CA /* Info.plist */,
				0E08134F25D15D3700D2DE21 /* Data+Utilities.swift */,
			);
			path = SwiftOTP;
			sourceTree = "<group>";
		};
		0E5B38922008B07900A419CA /* SwiftOTPTests */ = {
			isa = PBXGroup;
			children = (
				0E5B38A520097BA000A419CA /* GeneratorTests.swift */,
				0E5B38DC200B1D3700A419CA /* HOTPTests.swift */,
				0E5B38DE200B1D4600A419CA /* TOTPTests.swift */,
				0E5B38952008B07900A419CA /* Info.plist */,
				0E5B38862008B07900A419CA /* Products */,
			);
			path = SwiftOTPTests;
			sourceTree = "<group>";
		};
		0E5B38D5200ACD2000A419CA /* Base32 */ = {
			isa = PBXGroup;
			children = (
				0E5B38D7200ACDBC00A419CA /* Base32.swift */,
				0E5B38D6200ACDBC00A419CA /* StringExtension.swift */,
			);
			path = Base32;
			sourceTree = "<group>";
		};
		FC338DAF25460B7300F5871E /* Frameworks */ = {
			isa = PBXGroup;
			children = (
				FC338DB925460E6700F5871E /* CryptoSwift.framework */,
				FC338DB425460DFB00F5871E /* CryptoSwift.framework */,
				FC338DB225460DD000F5871E /* CryptoSwift.framework */,
				FC338DB025460B7300F5871E /* CryptoSwift.framework */,
			);
			name = Frameworks;
			sourceTree = "<group>";
		};
/* End PBXGroup section */

/* Begin PBXHeadersBuildPhase section */
		0E453809215774B600B417E4 /* Headers */ = {
			isa = PBXHeadersBuildPhase;
			buildActionMask = 2147483647;
			files = (
				0E453812215774B600B417E4 /* SwiftOTP_Mac.h in Headers */,
			);
			runOnlyForDeploymentPostprocessing = 0;
		};
		0E45381F2157767B00B417E4 /* Headers */ = {
			isa = PBXHeadersBuildPhase;
			buildActionMask = 2147483647;
			files = (
				0E4538282157767B00B417E4 /* SwiftOTP_Watch.h in Headers */,
			);
			runOnlyForDeploymentPostprocessing = 0;
		};
		0E45382C2157770F00B417E4 /* Headers */ = {
			isa = PBXHeadersBuildPhase;
			buildActionMask = 2147483647;
			files = (
				0E4538352157770F00B417E4 /* SwiftOTP_TV.h in Headers */,
			);
			runOnlyForDeploymentPostprocessing = 0;
		};
		0E5B38822008B07900A419CA /* Headers */ = {
			isa = PBXHeadersBuildPhase;
			buildActionMask = 2147483647;
			files = (
				0E5B38962008B07900A419CA /* SwiftOTP.h in Headers */,
			);
			runOnlyForDeploymentPostprocessing = 0;
		};
/* End PBXHeadersBuildPhase section */

/* Begin PBXNativeTarget section */
		0E45380D215774B600B417E4 /* SwiftOTP-macOS */ = {
			isa = PBXNativeTarget;
			buildConfigurationList = 0E453815215774B600B417E4 /* Build configuration list for PBXNativeTarget "SwiftOTP-macOS" */;
			buildPhases = (
				0E45380A215774B600B417E4 /* Sources */,
				0E45380B215774B600B417E4 /* Frameworks */,
				0E453809215774B600B417E4 /* Headers */,
				0E45380C215774B600B417E4 /* Resources */,
			);
			buildRules = (
			);
			dependencies = (
			);
			name = "SwiftOTP-macOS";
			productName = "SwiftOTP Mac";
			productReference = 0E45380E215774B600B417E4 /* SwiftOTP.framework */;
			productType = "com.apple.product-type.framework";
		};
		0E4538232157767B00B417E4 /* SwiftOTP-watchOS */ = {
			isa = PBXNativeTarget;
			buildConfigurationList = 0E4538292157767B00B417E4 /* Build configuration list for PBXNativeTarget "SwiftOTP-watchOS" */;
			buildPhases = (
				0E4538202157767B00B417E4 /* Sources */,
				0E4538212157767B00B417E4 /* Frameworks */,
				0E45381F2157767B00B417E4 /* Headers */,
				0E4538222157767B00B417E4 /* Resources */,
			);
			buildRules = (
			);
			dependencies = (
			);
			name = "SwiftOTP-watchOS";
			productName = "SwiftOTP Watch";
			productReference = 0E4538242157767B00B417E4 /* SwiftOTP.framework */;
			productType = "com.apple.product-type.framework";
		};
		0E4538302157770F00B417E4 /* SwiftOTP-tvOS */ = {
			isa = PBXNativeTarget;
			buildConfigurationList = 0E4538362157770F00B417E4 /* Build configuration list for PBXNativeTarget "SwiftOTP-tvOS" */;
			buildPhases = (
				0E45382D2157770F00B417E4 /* Sources */,
				0E45382E2157770F00B417E4 /* Frameworks */,
				0E45382C2157770F00B417E4 /* Headers */,
				0E45382F2157770F00B417E4 /* Resources */,
			);
			buildRules = (
			);
			dependencies = (
			);
			name = "SwiftOTP-tvOS";
			productName = "SwiftOTP TV";
			productReference = 0E4538312157770F00B417E4 /* SwiftOTP.framework */;
			productType = "com.apple.product-type.framework";
		};
		0E5B38842008B07900A419CA /* SwiftOTP-iOS */ = {
			isa = PBXNativeTarget;
			buildConfigurationList = 0E5B38992008B07900A419CA /* Build configuration list for PBXNativeTarget "SwiftOTP-iOS" */;
			buildPhases = (
				0E5B38802008B07900A419CA /* Sources */,
				0E5B38812008B07900A419CA /* Frameworks */,
				0E5B38822008B07900A419CA /* Headers */,
				0E5B38832008B07900A419CA /* Resources */,
			);
			buildRules = (
			);
			dependencies = (
			);
			name = "SwiftOTP-iOS";
			productName = SwiftOTP;
			productReference = 0E5B38852008B07900A419CA /* SwiftOTP.framework */;
			productType = "com.apple.product-type.framework";
		};
		0E5B388D2008B07900A419CA /* SwiftOTPTests */ = {
			isa = PBXNativeTarget;
			buildConfigurationList = 0E5B389C2008B07900A419CA /* Build configuration list for PBXNativeTarget "SwiftOTPTests" */;
			buildPhases = (
				0E5B388A2008B07900A419CA /* Sources */,
				0E5B388B2008B07900A419CA /* Frameworks */,
				0E5B388C2008B07900A419CA /* Resources */,
			);
			buildRules = (
			);
			dependencies = (
				FC338DBE2546114500F5871E /* PBXTargetDependency */,
			);
			name = SwiftOTPTests;
			productName = SwiftOTPTests;
			productReference = 0E5B388E2008B07900A419CA /* SwiftOTPTests.xctest */;
			productType = "com.apple.product-type.bundle.unit-test";
		};
/* End PBXNativeTarget section */

/* Begin PBXProject section */
		0E5B387C2008B07900A419CA /* Project object */ = {
			isa = PBXProject;
			attributes = {
				LastSwiftUpdateCheck = 0920;
				LastUpgradeCheck = 1130;
				ORGANIZATIONNAME = "Lachlan Bell";
				TargetAttributes = {
					0E45380D215774B600B417E4 = {
						CreatedOnToolsVersion = 10.0;
						ProvisioningStyle = Automatic;
					};
					0E4538232157767B00B417E4 = {
						CreatedOnToolsVersion = 10.0;
						ProvisioningStyle = Automatic;
					};
					0E4538302157770F00B417E4 = {
						CreatedOnToolsVersion = 10.0;
						ProvisioningStyle = Automatic;
					};
					0E5B38842008B07900A419CA = {
						CreatedOnToolsVersion = 9.2;
						LastSwiftMigration = 0920;
						ProvisioningStyle = Automatic;
					};
					0E5B388D2008B07900A419CA = {
						CreatedOnToolsVersion = 9.2;
						ProvisioningStyle = Automatic;
					};
				};
			};
			buildConfigurationList = 0E5B387F2008B07900A419CA /* Build configuration list for PBXProject "SwiftOTP" */;
			compatibilityVersion = "Xcode 8.0";
			developmentRegion = en;
			hasScannedForEncodings = 0;
			knownRegions = (
				en,
			);
			mainGroup = 0E5B387B2008B07900A419CA;
			productRefGroup = 0E5B38862008B07900A419CA /* Products */;
			projectDirPath = "";
			projectRoot = "";
			targets = (
				0E5B38842008B07900A419CA /* SwiftOTP-iOS */,
				0E5B388D2008B07900A419CA /* SwiftOTPTests */,
				0E45380D215774B600B417E4 /* SwiftOTP-macOS */,
				0E4538232157767B00B417E4 /* SwiftOTP-watchOS */,
				0E4538302157770F00B417E4 /* SwiftOTP-tvOS */,
			);
		};
/* End PBXProject section */

/* Begin PBXResourcesBuildPhase section */
		0E45380C215774B600B417E4 /* Resources */ = {
			isa = PBXResourcesBuildPhase;
			buildActionMask = 2147483647;
			files = (
			);
			runOnlyForDeploymentPostprocessing = 0;
		};
		0E4538222157767B00B417E4 /* Resources */ = {
			isa = PBXResourcesBuildPhase;
			buildActionMask = 2147483647;
			files = (
			);
			runOnlyForDeploymentPostprocessing = 0;
		};
		0E45382F2157770F00B417E4 /* Resources */ = {
			isa = PBXResourcesBuildPhase;
			buildActionMask = 2147483647;
			files = (
			);
			runOnlyForDeploymentPostprocessing = 0;
		};
		0E5B38832008B07900A419CA /* Resources */ = {
			isa = PBXResourcesBuildPhase;
			buildActionMask = 2147483647;
			files = (
			);
			runOnlyForDeploymentPostprocessing = 0;
		};
		0E5B388C2008B07900A419CA /* Resources */ = {
			isa = PBXResourcesBuildPhase;
			buildActionMask = 2147483647;
			files = (
			);
			runOnlyForDeploymentPostprocessing = 0;
		};
/* End PBXResourcesBuildPhase section */

/* Begin PBXSourcesBuildPhase section */
		0E45380A215774B600B417E4 /* Sources */ = {
			isa = PBXSourcesBuildPhase;
			buildActionMask = 2147483647;
			files = (
				0E45381A2157766000B417E4 /* HOTP.swift in Sources */,
				0E45381C2157766000B417E4 /* Generator.swift in Sources */,
				FC338DB625460E4300F5871E /* UInt64+Data.swift in Sources */,
				0E45381E2157766500B417E4 /* StringExtension.swift in Sources */,
				0E45381B2157766000B417E4 /* TOTP.swift in Sources */,
				0E45381D2157766500B417E4 /* Base32.swift in Sources */,
				0E4538192157766000B417E4 /* OTPAlgorithm.swift in Sources */,
				C19F90C62B738C1700E4E7DA /* Error.swift in Sources */,
				0E2A126825D15D670014486C /* Data+Utilities.swift in Sources */,
			);
			runOnlyForDeploymentPostprocessing = 0;
		};
		0E4538202157767B00B417E4 /* Sources */ = {
			isa = PBXSourcesBuildPhase;
			buildActionMask = 2147483647;
			files = (
				0E45383C2157773800B417E4 /* HOTP.swift in Sources */,
				0E45383B2157773800B417E4 /* OTPAlgorithm.swift in Sources */,
				FC338DB725460E4400F5871E /* UInt64+Data.swift in Sources */,
				0E45383A2157773800B417E4 /* StringExtension.swift in Sources */,
				0E45383E2157773800B417E4 /* Generator.swift in Sources */,
				0E4538392157773800B417E4 /* Base32.swift in Sources */,
				0E45383D2157773800B417E4 /* TOTP.swift in Sources */,
				C19F90C72B738C1700E4E7DA /* Error.swift in Sources */,
				0E2A126925D15D670014486C /* Data+Utilities.swift in Sources */,
			);
			runOnlyForDeploymentPostprocessing = 0;
		};
		0E45382D2157770F00B417E4 /* Sources */ = {
			isa = PBXSourcesBuildPhase;
			buildActionMask = 2147483647;
			files = (
				0E4538422157773800B417E4 /* HOTP.swift in Sources */,
				0E4538412157773800B417E4 /* OTPAlgorithm.swift in Sources */,
				FC338DB825460E4500F5871E /* UInt64+Data.swift in Sources */,
				0E4538402157773800B417E4 /* StringExtension.swift in Sources */,
				0E4538442157773800B417E4 /* Generator.swift in Sources */,
				0E45383F2157773800B417E4 /* Base32.swift in Sources */,
				0E4538432157773800B417E4 /* TOTP.swift in Sources */,
				C19F90C82B738C1700E4E7DA /* Error.swift in Sources */,
				0E2A126A25D15D680014486C /* Data+Utilities.swift in Sources */,
			);
			runOnlyForDeploymentPostprocessing = 0;
		};
		0E5B38802008B07900A419CA /* Sources */ = {
			isa = PBXSourcesBuildPhase;
			buildActionMask = 2147483647;
			files = (
				0E5B38D8200ACDBC00A419CA /* StringExtension.swift in Sources */,
				0E5B38A22008BCB200A419CA /* Generator.swift in Sources */,
				0E303A7721A3A742002FB8E0 /* UInt64+Data.swift in Sources */,
				0E5B38A42008BCB200A419CA /* TOTP.swift in Sources */,
				0E5B38D9200ACDBC00A419CA /* Base32.swift in Sources */,
				0E5B38DB200B1B4D00A419CA /* HOTP.swift in Sources */,
				0E5B38A32008BCB200A419CA /* OTPAlgorithm.swift in Sources */,
				C19F90C52B738C1700E4E7DA /* Error.swift in Sources */,
				0E2A126225D15D670014486C /* Data+Utilities.swift in Sources */,
			);
			runOnlyForDeploymentPostprocessing = 0;
		};
		0E5B388A2008B07900A419CA /* Sources */ = {
			isa = PBXSourcesBuildPhase;
			buildActionMask = 2147483647;
			files = (
				0E5B38DD200B1D3700A419CA /* HOTPTests.swift in Sources */,
				0E5B38DF200B1D4600A419CA /* TOTPTests.swift in Sources */,
				0E5B38A620097BA000A419CA /* GeneratorTests.swift in Sources */,
			);
			runOnlyForDeploymentPostprocessing = 0;
		};
/* End PBXSourcesBuildPhase section */

/* Begin PBXTargetDependency section */
		FC338DBE2546114500F5871E /* PBXTargetDependency */ = {
			isa = PBXTargetDependency;
			target = 0E5B38842008B07900A419CA /* SwiftOTP-iOS */;
			targetProxy = FC338DBD2546114500F5871E /* PBXContainerItemProxy */;
		};
/* End PBXTargetDependency section */

/* Begin XCBuildConfiguration section */
		0E453813215774B600B417E4 /* Debug */ = {
			isa = XCBuildConfiguration;
			buildSettings = {
				APPLICATION_EXTENSION_API_ONLY = NO;
				CLANG_ENABLE_OBJC_WEAK = YES;
				CLANG_WARN_DEPRECATED_OBJC_IMPLEMENTATIONS = YES;
				CLANG_WARN_OBJC_IMPLICIT_RETAIN_SELF = YES;
				CODE_SIGN_IDENTITY = "-";
				CODE_SIGN_STYLE = Automatic;
				COMBINE_HIDPI_IMAGES = YES;
				CURRENT_PROJECT_VERSION = 6;
				DEFINES_MODULE = YES;
				DYLIB_COMPATIBILITY_VERSION = 1;
				DYLIB_CURRENT_VERSION = 1;
				DYLIB_INSTALL_NAME_BASE = "@rpath";
				FRAMEWORK_SEARCH_PATHS = (
					"$(inherited)",
					"$(PROJECT_DIR)/Carthage/Build/Mac",
				);
				FRAMEWORK_VERSION = A;
				INFOPLIST_FILE = "SwiftOTP Mac/Info.plist";
				INSTALL_PATH = "$(LOCAL_LIBRARY_DIR)/Frameworks";
				LD_RUNPATH_SEARCH_PATHS = "$(inherited) @executable_path/../Frameworks @loader_path/Frameworks";
				MACOSX_DEPLOYMENT_TARGET = 10.15;
				MARKETING_VERSION = 3.0.2;
				MTL_ENABLE_DEBUG_INFO = INCLUDE_SOURCE;
				MTL_FAST_MATH = YES;
				PRODUCT_BUNDLE_IDENTIFIER = "com.lbell.SwiftOTP-Mac";
				PRODUCT_NAME = SwiftOTP;
				SDKROOT = macosx;
				SKIP_INSTALL = YES;
				SWIFT_VERSION = 5.0;
			};
			name = Debug;
		};
		0E453814215774B600B417E4 /* Release */ = {
			isa = XCBuildConfiguration;
			buildSettings = {
				APPLICATION_EXTENSION_API_ONLY = NO;
				CLANG_ENABLE_OBJC_WEAK = YES;
				CLANG_WARN_DEPRECATED_OBJC_IMPLEMENTATIONS = YES;
				CLANG_WARN_OBJC_IMPLICIT_RETAIN_SELF = YES;
				CODE_SIGN_IDENTITY = "-";
				CODE_SIGN_STYLE = Automatic;
				COMBINE_HIDPI_IMAGES = YES;
				CURRENT_PROJECT_VERSION = 6;
				DEFINES_MODULE = YES;
				DYLIB_COMPATIBILITY_VERSION = 1;
				DYLIB_CURRENT_VERSION = 1;
				DYLIB_INSTALL_NAME_BASE = "@rpath";
				FRAMEWORK_SEARCH_PATHS = (
					"$(inherited)",
					"$(PROJECT_DIR)/Carthage/Build/Mac",
				);
				FRAMEWORK_VERSION = A;
				INFOPLIST_FILE = "SwiftOTP Mac/Info.plist";
				INSTALL_PATH = "$(LOCAL_LIBRARY_DIR)/Frameworks";
				LD_RUNPATH_SEARCH_PATHS = "$(inherited) @executable_path/../Frameworks @loader_path/Frameworks";
				MACOSX_DEPLOYMENT_TARGET = 10.15;
				MARKETING_VERSION = 3.0.2;
				MTL_FAST_MATH = YES;
				PRODUCT_BUNDLE_IDENTIFIER = "com.lbell.SwiftOTP-Mac";
				PRODUCT_NAME = SwiftOTP;
				SDKROOT = macosx;
				SKIP_INSTALL = YES;
				SWIFT_VERSION = 5.0;
			};
			name = Release;
		};
		0E45382A2157767B00B417E4 /* Debug */ = {
			isa = XCBuildConfiguration;
			buildSettings = {
				APPLICATION_EXTENSION_API_ONLY = YES;
				CLANG_ENABLE_OBJC_WEAK = YES;
				CLANG_WARN_DEPRECATED_OBJC_IMPLEMENTATIONS = YES;
				CLANG_WARN_OBJC_IMPLICIT_RETAIN_SELF = YES;
				CODE_SIGN_IDENTITY = "";
				CODE_SIGN_STYLE = Automatic;
				CURRENT_PROJECT_VERSION = 6;
				DEFINES_MODULE = YES;
				DYLIB_COMPATIBILITY_VERSION = 1;
				DYLIB_CURRENT_VERSION = 1;
				DYLIB_INSTALL_NAME_BASE = "@rpath";
				FRAMEWORK_SEARCH_PATHS = (
					"$(inherited)",
					"$(PROJECT_DIR)/Carthage/Build/watchOS",
				);
				INFOPLIST_FILE = "SwiftOTP Watch/Info.plist";
				INSTALL_PATH = "$(LOCAL_LIBRARY_DIR)/Frameworks";
				LD_RUNPATH_SEARCH_PATHS = "$(inherited) @executable_path/Frameworks @loader_path/Frameworks";
				MARKETING_VERSION = 3.0.2;
				MTL_ENABLE_DEBUG_INFO = INCLUDE_SOURCE;
				MTL_FAST_MATH = YES;
				PRODUCT_BUNDLE_IDENTIFIER = "com.lbell.SwiftOTP-Watch";
				PRODUCT_NAME = SwiftOTP;
				SDKROOT = watchos;
				SKIP_INSTALL = YES;
				SWIFT_VERSION = 5.0;
				TARGETED_DEVICE_FAMILY = 4;
				WATCHOS_DEPLOYMENT_TARGET = 6.0;
			};
			name = Debug;
		};
		0E45382B2157767B00B417E4 /* Release */ = {
			isa = XCBuildConfiguration;
			buildSettings = {
				APPLICATION_EXTENSION_API_ONLY = YES;
				CLANG_ENABLE_OBJC_WEAK = YES;
				CLANG_WARN_DEPRECATED_OBJC_IMPLEMENTATIONS = YES;
				CLANG_WARN_OBJC_IMPLICIT_RETAIN_SELF = YES;
				CODE_SIGN_IDENTITY = "";
				CODE_SIGN_STYLE = Automatic;
				CURRENT_PROJECT_VERSION = 6;
				DEFINES_MODULE = YES;
				DYLIB_COMPATIBILITY_VERSION = 1;
				DYLIB_CURRENT_VERSION = 1;
				DYLIB_INSTALL_NAME_BASE = "@rpath";
				FRAMEWORK_SEARCH_PATHS = (
					"$(inherited)",
					"$(PROJECT_DIR)/Carthage/Build/watchOS",
				);
				INFOPLIST_FILE = "SwiftOTP Watch/Info.plist";
				INSTALL_PATH = "$(LOCAL_LIBRARY_DIR)/Frameworks";
				LD_RUNPATH_SEARCH_PATHS = "$(inherited) @executable_path/Frameworks @loader_path/Frameworks";
				MARKETING_VERSION = 3.0.2;
				MTL_FAST_MATH = YES;
				PRODUCT_BUNDLE_IDENTIFIER = "com.lbell.SwiftOTP-Watch";
				PRODUCT_NAME = SwiftOTP;
				SDKROOT = watchos;
				SKIP_INSTALL = YES;
				SWIFT_VERSION = 5.0;
				TARGETED_DEVICE_FAMILY = 4;
				WATCHOS_DEPLOYMENT_TARGET = 6.0;
			};
			name = Release;
		};
		0E4538372157770F00B417E4 /* Debug */ = {
			isa = XCBuildConfiguration;
			buildSettings = {
				CLANG_ENABLE_OBJC_WEAK = YES;
				CLANG_WARN_DEPRECATED_OBJC_IMPLEMENTATIONS = YES;
				CLANG_WARN_OBJC_IMPLICIT_RETAIN_SELF = YES;
				CODE_SIGN_IDENTITY = "";
				CODE_SIGN_STYLE = Automatic;
				CURRENT_PROJECT_VERSION = 6;
				DEFINES_MODULE = YES;
				DYLIB_COMPATIBILITY_VERSION = 1;
				DYLIB_CURRENT_VERSION = 1;
				DYLIB_INSTALL_NAME_BASE = "@rpath";
				FRAMEWORK_SEARCH_PATHS = (
					"$(inherited)",
					"$(PROJECT_DIR)/Carthage/Build/tvOS",
				);
				INFOPLIST_FILE = "SwiftOTP TV/Info.plist";
				INSTALL_PATH = "$(LOCAL_LIBRARY_DIR)/Frameworks";
				LD_RUNPATH_SEARCH_PATHS = "$(inherited) @executable_path/Frameworks @loader_path/Frameworks";
				MARKETING_VERSION = 3.0.2;
				MTL_ENABLE_DEBUG_INFO = INCLUDE_SOURCE;
				MTL_FAST_MATH = YES;
				PRODUCT_BUNDLE_IDENTIFIER = "com.lbell.SwiftOTP-TV";
				PRODUCT_NAME = SwiftOTP;
				SDKROOT = appletvos;
				SKIP_INSTALL = YES;
				SWIFT_VERSION = 5.0;
				TARGETED_DEVICE_FAMILY = 3;
				TVOS_DEPLOYMENT_TARGET = 13.0;
			};
			name = Debug;
		};
		0E4538382157770F00B417E4 /* Release */ = {
			isa = XCBuildConfiguration;
			buildSettings = {
				CLANG_ENABLE_OBJC_WEAK = YES;
				CLANG_WARN_DEPRECATED_OBJC_IMPLEMENTATIONS = YES;
				CLANG_WARN_OBJC_IMPLICIT_RETAIN_SELF = YES;
				CODE_SIGN_IDENTITY = "";
				CODE_SIGN_STYLE = Automatic;
				CURRENT_PROJECT_VERSION = 6;
				DEFINES_MODULE = YES;
				DYLIB_COMPATIBILITY_VERSION = 1;
				DYLIB_CURRENT_VERSION = 1;
				DYLIB_INSTALL_NAME_BASE = "@rpath";
				FRAMEWORK_SEARCH_PATHS = (
					"$(inherited)",
					"$(PROJECT_DIR)/Carthage/Build/tvOS",
				);
				INFOPLIST_FILE = "SwiftOTP TV/Info.plist";
				INSTALL_PATH = "$(LOCAL_LIBRARY_DIR)/Frameworks";
				LD_RUNPATH_SEARCH_PATHS = "$(inherited) @executable_path/Frameworks @loader_path/Frameworks";
				MARKETING_VERSION = 3.0.2;
				MTL_FAST_MATH = YES;
				PRODUCT_BUNDLE_IDENTIFIER = "com.lbell.SwiftOTP-TV";
				PRODUCT_NAME = SwiftOTP;
				SDKROOT = appletvos;
				SKIP_INSTALL = YES;
				SWIFT_VERSION = 5.0;
				TARGETED_DEVICE_FAMILY = 3;
				TVOS_DEPLOYMENT_TARGET = 13.0;
			};
			name = Release;
		};
		0E5B38972008B07900A419CA /* Debug */ = {
			isa = XCBuildConfiguration;
			buildSettings = {
				ALWAYS_SEARCH_USER_PATHS = NO;
				CLANG_ANALYZER_NONNULL = YES;
				CLANG_ANALYZER_NUMBER_OBJECT_CONVERSION = YES_AGGRESSIVE;
				CLANG_CXX_LANGUAGE_STANDARD = "gnu++14";
				CLANG_CXX_LIBRARY = "libc++";
				CLANG_ENABLE_MODULES = YES;
				CLANG_ENABLE_OBJC_ARC = YES;
				CLANG_WARN_BLOCK_CAPTURE_AUTORELEASING = YES;
				CLANG_WARN_BOOL_CONVERSION = YES;
				CLANG_WARN_COMMA = YES;
				CLANG_WARN_CONSTANT_CONVERSION = YES;
				CLANG_WARN_DEPRECATED_OBJC_IMPLEMENTATIONS = YES;
				CLANG_WARN_DIRECT_OBJC_ISA_USAGE = YES_ERROR;
				CLANG_WARN_DOCUMENTATION_COMMENTS = YES;
				CLANG_WARN_EMPTY_BODY = YES;
				CLANG_WARN_ENUM_CONVERSION = YES;
				CLANG_WARN_INFINITE_RECURSION = YES;
				CLANG_WARN_INT_CONVERSION = YES;
				CLANG_WARN_NON_LITERAL_NULL_CONVERSION = YES;
				CLANG_WARN_OBJC_IMPLICIT_RETAIN_SELF = YES;
				CLANG_WARN_OBJC_LITERAL_CONVERSION = YES;
				CLANG_WARN_OBJC_ROOT_CLASS = YES_ERROR;
				CLANG_WARN_RANGE_LOOP_ANALYSIS = YES;
				CLANG_WARN_STRICT_PROTOTYPES = YES;
				CLANG_WARN_SUSPICIOUS_MOVE = YES;
				CLANG_WARN_UNGUARDED_AVAILABILITY = YES_AGGRESSIVE;
				CLANG_WARN_UNREACHABLE_CODE = YES;
				CLANG_WARN__DUPLICATE_METHOD_MATCH = YES;
				CODE_SIGN_IDENTITY = "iPhone Developer";
				COPY_PHASE_STRIP = NO;
				CURRENT_PROJECT_VERSION = 1;
				DEBUG_INFORMATION_FORMAT = dwarf;
				ENABLE_STRICT_OBJC_MSGSEND = YES;
				ENABLE_TESTABILITY = YES;
				GCC_C_LANGUAGE_STANDARD = gnu11;
				GCC_DYNAMIC_NO_PIC = NO;
				GCC_NO_COMMON_BLOCKS = YES;
				GCC_OPTIMIZATION_LEVEL = 0;
				GCC_PREPROCESSOR_DEFINITIONS = (
					"DEBUG=1",
					"$(inherited)",
				);
				GCC_WARN_64_TO_32_BIT_CONVERSION = YES;
				GCC_WARN_ABOUT_RETURN_TYPE = YES_ERROR;
				GCC_WARN_UNDECLARED_SELECTOR = YES;
				GCC_WARN_UNINITIALIZED_AUTOS = YES_AGGRESSIVE;
				GCC_WARN_UNUSED_FUNCTION = YES;
				GCC_WARN_UNUSED_VARIABLE = YES;
				IPHONEOS_DEPLOYMENT_TARGET = 13.0;
				MTL_ENABLE_DEBUG_INFO = YES;
				ONLY_ACTIVE_ARCH = YES;
				SDKROOT = iphoneos;
				SWIFT_ACTIVE_COMPILATION_CONDITIONS = DEBUG;
				SWIFT_OPTIMIZATION_LEVEL = "-Onone";
				VERSIONING_SYSTEM = "apple-generic";
				VERSION_INFO_PREFIX = "";
			};
			name = Debug;
		};
		0E5B38982008B07900A419CA /* Release */ = {
			isa = XCBuildConfiguration;
			buildSettings = {
				ALWAYS_SEARCH_USER_PATHS = NO;
				CLANG_ANALYZER_NONNULL = YES;
				CLANG_ANALYZER_NUMBER_OBJECT_CONVERSION = YES_AGGRESSIVE;
				CLANG_CXX_LANGUAGE_STANDARD = "gnu++14";
				CLANG_CXX_LIBRARY = "libc++";
				CLANG_ENABLE_MODULES = YES;
				CLANG_ENABLE_OBJC_ARC = YES;
				CLANG_WARN_BLOCK_CAPTURE_AUTORELEASING = YES;
				CLANG_WARN_BOOL_CONVERSION = YES;
				CLANG_WARN_COMMA = YES;
				CLANG_WARN_CONSTANT_CONVERSION = YES;
				CLANG_WARN_DEPRECATED_OBJC_IMPLEMENTATIONS = YES;
				CLANG_WARN_DIRECT_OBJC_ISA_USAGE = YES_ERROR;
				CLANG_WARN_DOCUMENTATION_COMMENTS = YES;
				CLANG_WARN_EMPTY_BODY = YES;
				CLANG_WARN_ENUM_CONVERSION = YES;
				CLANG_WARN_INFINITE_RECURSION = YES;
				CLANG_WARN_INT_CONVERSION = YES;
				CLANG_WARN_NON_LITERAL_NULL_CONVERSION = YES;
				CLANG_WARN_OBJC_IMPLICIT_RETAIN_SELF = YES;
				CLANG_WARN_OBJC_LITERAL_CONVERSION = YES;
				CLANG_WARN_OBJC_ROOT_CLASS = YES_ERROR;
				CLANG_WARN_RANGE_LOOP_ANALYSIS = YES;
				CLANG_WARN_STRICT_PROTOTYPES = YES;
				CLANG_WARN_SUSPICIOUS_MOVE = YES;
				CLANG_WARN_UNGUARDED_AVAILABILITY = YES_AGGRESSIVE;
				CLANG_WARN_UNREACHABLE_CODE = YES;
				CLANG_WARN__DUPLICATE_METHOD_MATCH = YES;
				CODE_SIGN_IDENTITY = "iPhone Developer";
				COPY_PHASE_STRIP = NO;
				CURRENT_PROJECT_VERSION = 1;
				DEBUG_INFORMATION_FORMAT = "dwarf-with-dsym";
				ENABLE_NS_ASSERTIONS = NO;
				ENABLE_STRICT_OBJC_MSGSEND = YES;
				GCC_C_LANGUAGE_STANDARD = gnu11;
				GCC_NO_COMMON_BLOCKS = YES;
				GCC_WARN_64_TO_32_BIT_CONVERSION = YES;
				GCC_WARN_ABOUT_RETURN_TYPE = YES_ERROR;
				GCC_WARN_UNDECLARED_SELECTOR = YES;
				GCC_WARN_UNINITIALIZED_AUTOS = YES_AGGRESSIVE;
				GCC_WARN_UNUSED_FUNCTION = YES;
				GCC_WARN_UNUSED_VARIABLE = YES;
				IPHONEOS_DEPLOYMENT_TARGET = 13.0;
				MTL_ENABLE_DEBUG_INFO = NO;
				SDKROOT = iphoneos;
				SWIFT_OPTIMIZATION_LEVEL = "-Owholemodule";
				VALIDATE_PRODUCT = YES;
				VERSIONING_SYSTEM = "apple-generic";
				VERSION_INFO_PREFIX = "";
			};
			name = Release;
		};
		0E5B389A2008B07900A419CA /* Debug */ = {
			isa = XCBuildConfiguration;
			buildSettings = {
				CLANG_ENABLE_MODULES = YES;
				CODE_SIGN_IDENTITY = "";
				"CODE_SIGN_IDENTITY[sdk=iphoneos*]" = "iPhone Developer";
				CODE_SIGN_STYLE = Automatic;
				CURRENT_PROJECT_VERSION = 6;
				DEFINES_MODULE = YES;
				DEVELOPMENT_TEAM = "";
				DYLIB_COMPATIBILITY_VERSION = 1;
				DYLIB_CURRENT_VERSION = 1;
				DYLIB_INSTALL_NAME_BASE = "@rpath";
				FRAMEWORK_SEARCH_PATHS = (
					"$(inherited)",
					"$(PROJECT_DIR)/Carthage/Build/iOS",
				);
				INFOPLIST_FILE = SwiftOTP/Info.plist;
				INSTALL_PATH = "$(LOCAL_LIBRARY_DIR)/Frameworks";
				IPHONEOS_DEPLOYMENT_TARGET = 13.0;
				LD_RUNPATH_SEARCH_PATHS = "$(inherited) @executable_path/Frameworks @loader_path/Frameworks";
				MARKETING_VERSION = 3.0.2;
				PRODUCT_BUNDLE_IDENTIFIER = com.lbell.SwiftOTP;
				PRODUCT_NAME = SwiftOTP;
				SKIP_INSTALL = YES;
				SWIFT_OPTIMIZATION_LEVEL = "-Onone";
				SWIFT_VERSION = 5.0;
				TARGETED_DEVICE_FAMILY = "1,2";
			};
			name = Debug;
		};
		0E5B389B2008B07900A419CA /* Release */ = {
			isa = XCBuildConfiguration;
			buildSettings = {
				CLANG_ENABLE_MODULES = YES;
				CODE_SIGN_IDENTITY = "";
				CODE_SIGN_STYLE = Automatic;
				CURRENT_PROJECT_VERSION = 6;
				DEFINES_MODULE = YES;
				DEVELOPMENT_TEAM = "";
				DYLIB_COMPATIBILITY_VERSION = 1;
				DYLIB_CURRENT_VERSION = 1;
				DYLIB_INSTALL_NAME_BASE = "@rpath";
				FRAMEWORK_SEARCH_PATHS = (
					"$(inherited)",
					"$(PROJECT_DIR)/Carthage/Build/iOS",
				);
				INFOPLIST_FILE = SwiftOTP/Info.plist;
				INSTALL_PATH = "$(LOCAL_LIBRARY_DIR)/Frameworks";
				IPHONEOS_DEPLOYMENT_TARGET = 13.0;
				LD_RUNPATH_SEARCH_PATHS = "$(inherited) @executable_path/Frameworks @loader_path/Frameworks";
				MARKETING_VERSION = 3.0.2;
				PRODUCT_BUNDLE_IDENTIFIER = com.lbell.SwiftOTP;
				PRODUCT_NAME = SwiftOTP;
				SKIP_INSTALL = YES;
				SWIFT_VERSION = 5.0;
				TARGETED_DEVICE_FAMILY = "1,2";
			};
			name = Release;
		};
		0E5B389D2008B07900A419CA /* Debug */ = {
			isa = XCBuildConfiguration;
			buildSettings = {
				ALWAYS_EMBED_SWIFT_STANDARD_LIBRARIES = YES;
				CODE_SIGN_STYLE = Automatic;
				DEVELOPMENT_TEAM = D8RNQLFMPC;
				FRAMEWORK_SEARCH_PATHS = (
					"$(inherited)",
					"$(PROJECT_DIR)/Carthage/Build/iOS",
				);
				INFOPLIST_FILE = SwiftOTPTests/Info.plist;
				LD_RUNPATH_SEARCH_PATHS = "$(inherited) @executable_path/Frameworks @loader_path/Frameworks";
				PRODUCT_BUNDLE_IDENTIFIER = com.lbell.SwiftOTPTests;
				PRODUCT_NAME = "$(TARGET_NAME)";
				SWIFT_VERSION = 5.0;
				TARGETED_DEVICE_FAMILY = "1,2";
			};
			name = Debug;
		};
		0E5B389E2008B07900A419CA /* Release */ = {
			isa = XCBuildConfiguration;
			buildSettings = {
				ALWAYS_EMBED_SWIFT_STANDARD_LIBRARIES = YES;
				CODE_SIGN_STYLE = Automatic;
				DEVELOPMENT_TEAM = D8RNQLFMPC;
				FRAMEWORK_SEARCH_PATHS = (
					"$(inherited)",
					"$(PROJECT_DIR)/Carthage/Build/iOS",
				);
				INFOPLIST_FILE = SwiftOTPTests/Info.plist;
				LD_RUNPATH_SEARCH_PATHS = "$(inherited) @executable_path/Frameworks @loader_path/Frameworks";
				PRODUCT_BUNDLE_IDENTIFIER = com.lbell.SwiftOTPTests;
				PRODUCT_NAME = "$(TARGET_NAME)";
				SWIFT_VERSION = 5.0;
				TARGETED_DEVICE_FAMILY = "1,2";
			};
			name = Release;
		};
/* End XCBuildConfiguration section */

/* Begin XCConfigurationList section */
		0E453815215774B600B417E4 /* Build configuration list for PBXNativeTarget "SwiftOTP-macOS" */ = {
			isa = XCConfigurationList;
			buildConfigurations = (
				0E453813215774B600B417E4 /* Debug */,
				0E453814215774B600B417E4 /* Release */,
			);
			defaultConfigurationIsVisible = 0;
			defaultConfigurationName = Release;
		};
		0E4538292157767B00B417E4 /* Build configuration list for PBXNativeTarget "SwiftOTP-watchOS" */ = {
			isa = XCConfigurationList;
			buildConfigurations = (
				0E45382A2157767B00B417E4 /* Debug */,
				0E45382B2157767B00B417E4 /* Release */,
			);
			defaultConfigurationIsVisible = 0;
			defaultConfigurationName = Release;
		};
		0E4538362157770F00B417E4 /* Build configuration list for PBXNativeTarget "SwiftOTP-tvOS" */ = {
			isa = XCConfigurationList;
			buildConfigurations = (
				0E4538372157770F00B417E4 /* Debug */,
				0E4538382157770F00B417E4 /* Release */,
			);
			defaultConfigurationIsVisible = 0;
			defaultConfigurationName = Release;
		};
		0E5B387F2008B07900A419CA /* Build configuration list for PBXProject "SwiftOTP" */ = {
			isa = XCConfigurationList;
			buildConfigurations = (
				0E5B38972008B07900A419CA /* Debug */,
				0E5B38982008B07900A419CA /* Release */,
			);
			defaultConfigurationIsVisible = 0;
			defaultConfigurationName = Release;
		};
		0E5B38992008B07900A419CA /* Build configuration list for PBXNativeTarget "SwiftOTP-iOS" */ = {
			isa = XCConfigurationList;
			buildConfigurations = (
				0E5B389A2008B07900A419CA /* Debug */,
				0E5B389B2008B07900A419CA /* Release */,
			);
			defaultConfigurationIsVisible = 0;
			defaultConfigurationName = Release;
		};
		0E5B389C2008B07900A419CA /* Build configuration list for PBXNativeTarget "SwiftOTPTests" */ = {
			isa = XCConfigurationList;
			buildConfigurations = (
				0E5B389D2008B07900A419CA /* Debug */,
				0E5B389E2008B07900A419CA /* Release */,
			);
			defaultConfigurationIsVisible = 0;
			defaultConfigurationName = Release;
		};
/* End XCConfigurationList section */
	};
	rootObject = 0E5B387C2008B07900A419CA /* Project object */;
}
